
Microsoft Visual Studio Solution File, Format Version 12.00
# Visual Studio 14
VisualStudioVersion = 14.0.25420.1
MinimumVisualStudioVersion = 10.0.40219.1
Project("{8BC9CEB8-8B4A-11D0-8D11-00A0C91BC942}") = "01 ErrorShow", "01-ErrorShow\01 ErrorShow.vcxproj", "{A2EC7D57-2553-4851-B618-A3F1997F93D6}"
EndProject
Project("{8BC9CEB8-8B4A-11D0-8D11-00A0C91BC942}") = "04 ProcessInfo", "04-ProcessInfo\04 ProcessInfo.vcxproj", "{1234E73E-321D-45C8-A0B9-3A37B0E3096C}"
EndProject
Project("{8BC9CEB8-8B4A-11D0-8D11-00A0C91BC942}") = "05 JobLab", "05-JobLab\05 JobLab.vcxproj", "{10A80467-0688-4581-B271-BCA30DF2F82C}"
EndProject
Project("{8BC9CEB8-8B4A-11D0-8D11-00A0C91BC942}") = "07 SchedLab", "07-SchedLab\07 SchedLab.vcxproj", "{4B97B596-8E8B-42F3-BF92-CFA024A58A60}"
EndProject
Project("{8BC9CEB8-8B4A-11D0-8D11-00A0C91BC942}") = "09 Handshake", "09-Handshake\09 Handshake.vcxproj", "{0BD3162A-100A-4CE1-8F13-786FE49BAC43}"
EndProject
Project("{8BC9CEB8-8B4A-11D0-8D11-00A0C91BC942}") = "09 Queue", "09-Queue\09 Queue.vcxproj", "{C50BDA38-33F9-4A29-A6F8-AA35FC4233B9}"
EndProject
Project("{8BC9CEB8-8B4A-11D0-8D11-00A0C91BC942}") = "10 InterlockedType", "10-InterlockedType\10 InterlockedType.vcxproj", "{1D52AED0-534B-4326-BD11-137946892432}"
EndProject
Project("{8BC9CEB8-8B4A-11D0-8D11-00A0C91BC942}") = "10 Optex", "10-Optex\10 Optex.vcxproj", "{F77371DE-8F27-4420-B3FA-FC481945CD3D}"
EndProject
Project("{8BC9CEB8-8B4A-11D0-8D11-00A0C91BC942}") = "10 SWMRG", "10-SWMRG\10 SWMRG.vcxproj", "{CA3AE825-2C4B-49A1-8624-9AC81EF38C91}"
EndProject
Project("{8BC9CEB8-8B4A-11D0-8D11-00A0C91BC942}") = "10 WaitForMultExp", "10-WaitForMultExp\10 WaitForMultExp.vcxproj", "{08287CB5-5E20-43E8-8080-21CC72299F2E}"
EndProject
Project("{8BC9CEB8-8B4A-11D0-8D11-00A0C91BC942}") = "11 TimedMsgBox", "11-TimedMsgBox\11 TimedMsgBox.vcxproj", "{9D709845-F2ED-4BBD-BAE8-E8AA74866B4B}"
EndProject
Project("{8BC9CEB8-8B4A-11D0-8D11-00A0C91BC942}") = "12 Counter", "12-Counter\12 Counter.vcxproj", "{1422DAD6-FE46-42B3-9CD1-BC5E8AC6E208}"
EndProject
Project("{8BC9CEB8-8B4A-11D0-8D11-00A0C91BC942}") = "14 SysInfo", "14-SysInfo\14 SysInfo.vcxproj", "{6445A561-8528-4E2E-AD63-D1117FD1CD30}"
EndProject
Project("{8BC9CEB8-8B4A-11D0-8D11-00A0C91BC942}") = "14 VMMap", "14-VMMap\14 VMMap.vcxproj", "{A55C7D77-08FB-414F-AEF9-E416BA47BF8B}"
EndProject
Project("{8BC9CEB8-8B4A-11D0-8D11-00A0C91BC942}") = "14 VMStat", "14-VMStat\14 VMStat.vcxproj", "{662CC337-9FB1-4E06-AC77-E6F7961EC2E2}"
EndProject
Project("{8BC9CEB8-8B4A-11D0-8D11-00A0C91BC942}") = "15 AWE", "15-AWE\15 AWE.vcxproj", "{A30D7A07-C039-4BD6-8920-232077D0A0C1}"
EndProject
Project("{8BC9CEB8-8B4A-11D0-8D11-00A0C91BC942}") = "15 MemReset", "15-MemReset\15 MemReset.vcxproj", "{0B2F5B17-C570-4354-AC51-134B5A98861E}"
EndProject
Project("{8BC9CEB8-8B4A-11D0-8D11-00A0C91BC942}") = "15 VMAlloc", "15-VMAlloc\15 VMAlloc.vcxproj", "{18CBE650-4B45-447C-BAED-1358974355B6}"
EndProject
Project("{8BC9CEB8-8B4A-11D0-8D11-00A0C91BC942}") = "16 Summation", "16-Summation\16 Summation.vcxproj", "{A46DBA20-EB65-4211-AE35-5F6AE18EC8BE}"
EndProject
Project("{8BC9CEB8-8B4A-11D0-8D11-00A0C91BC942}") = "17 AppInst", "17-AppInst\17 AppInst.vcxproj", "{F3E043BD-241F-4E0C-917E-A4A077422261}"
EndProject
Project("{8BC9CEB8-8B4A-11D0-8D11-00A0C91BC942}") = "17 FileRev", "17-FileRev\17 FileRev.vcxproj", "{3E23FA15-9E36-4069-9DE0-A8EA7E2C82F0}"
EndProject
Project("{8BC9CEB8-8B4A-11D0-8D11-00A0C91BC942}") = "17 MMFShare", "17-MMFShare\17 MMFShare.vcxproj", "{8C64C4E6-CF75-42A7-AA62-5F64655A9E1D}"
EndProject
Project("{8BC9CEB8-8B4A-11D0-8D11-00A0C91BC942}") = "17 MMFSparse", "17-MMFSparse\17 MMFSparse.vcxproj", "{07121307-AE23-4A3A-9853-4660815107CA}"
EndProject
Project("{8BC9CEB8-8B4A-11D0-8D11-00A0C91BC942}") = "20 DelayLoadApp", "20-DelayLoadApp\20 DelayLoadApp.vcxproj", "{D10FD4E5-2537-4CCD-8EF5-B62D4EEBC886}"
EndProject
Project("{8BC9CEB8-8B4A-11D0-8D11-00A0C91BC942}") = "20 DelayLoadLib", "20-DelayLoadLib\20 DelayLoadLib.vcxproj", "{4724CBA7-56AB-4361-B673-414E9A4E5FD7}"
EndProject
Project("{8BC9CEB8-8B4A-11D0-8D11-00A0C91BC942}") = "22 DIPS", "22-DIPS\22 DIPS.vcxproj", "{DC721CFC-EBF0-43F7-8803-5A4C67A0B737}"
EndProject
Project("{8BC9CEB8-8B4A-11D0-8D11-00A0C91BC942}") = "22 DIPSLib", "22-DIPSLib\22 DIPSLib.vcxproj", "{7D148006-17DE-4D1B-8645-3C239054619A}"
EndProject
Project("{8BC9CEB8-8B4A-11D0-8D11-00A0C91BC942}") = "22 ImgWalk", "22-ImgWalk\22 ImgWalk.vcxproj", "{6E2CE4AF-DCC4-42B4-8DBE-AAFBCD786643}"
EndProject
Project("{8BC9CEB8-8B4A-11D0-8D11-00A0C91BC942}") = "22 InjLib", "22-InjLib\22 InjLib.vcxproj", "{4643C8E4-C142-459A-9646-DB0B87767C72}"
EndProject
Project("{8BC9CEB8-8B4A-11D0-8D11-00A0C91BC942}") = "22 LastMsgBoxInfo", "22-LastMsgBoxInfo\22 LastMsgBoxInfo.vcxproj", "{546A05BF-4CB6-489A-AD13-415DE3BFEB3C}"
EndProject
Project("{8BC9CEB8-8B4A-11D0-8D11-00A0C91BC942}") = "22 LastMsgBoxInfoLib", "22-LastMsgBoxInfoLib\22 LastMsgBoxInfoLib.vcxproj", "{96679349-5516-4624-91A6-B756B43305EC}"
EndProject
Project("{8BC9CEB8-8B4A-11D0-8D11-00A0C91BC942}") = "23 SEHTerm", "23-SEHTerm\23 SEHTerm.vcxproj", "{A5C7AFF8-A9B5-43A8-AF2D-1DF55F348F81}"
EndProject
Project("{8BC9CEB8-8B4A-11D0-8D11-00A0C91BC942}") = "25 Spreadsheet", "25-Spreadsheet\25 Spreadsheet.vcxproj", "{08420649-1388-4F97-B45F-695AF0929A14}"
EndProject
Project("{8BC9CEB8-8B4A-11D0-8D11-00A0C91BC942}") = "26 CopyData", "26-CopyData\26 CopyData.vcxproj", "{64116CB7-60D1-4C4D-9595-C234BB2D5E8F}"
EndProject
Project("{8BC9CEB8-8B4A-11D0-8D11-00A0C91BC942}") = "27 LISLab", "27-LISLab\27 LISLab.vcxproj", "{199BA6C6-5920-4732-A29E-9F9E3B0CBD36}"
EndProject
Project("{8BC9CEB8-8B4A-11D0-8D11-00A0C91BC942}") = "27 LISWatch", "27-LISWatch\27 LISWatch.vcxproj", "{10A859C8-820D-4D6B-A98A-0FE7DF280B5D}"
EndProject
Global
	GlobalSection(SolutionConfigurationPlatforms) = preSolution
		Alpha32 Debug|x86 = Alpha32 Debug|x86
		Alpha32 Release|x86 = Alpha32 Release|x86
		Debug|x86 = Debug|x86
		Release|x86 = Release|x86
		Template|x86 = Template|x86
	EndGlobalSection
	GlobalSection(ProjectConfigurationPlatforms) = postSolution
		{A2EC7D57-2553-4851-B618-A3F1997F93D6}.Alpha32 Debug|x86.ActiveCfg = Alpha32 Debug|Win32
		{A2EC7D57-2553-4851-B618-A3F1997F93D6}.Alpha32 Debug|x86.Build.0 = Alpha32 Debug|Win32
		{A2EC7D57-2553-4851-B618-A3F1997F93D6}.Alpha32 Release|x86.ActiveCfg = Alpha32 Release|Win32
		{A2EC7D57-2553-4851-B618-A3F1997F93D6}.Alpha32 Release|x86.Build.0 = Alpha32 Release|Win32
		{A2EC7D57-2553-4851-B618-A3F1997F93D6}.Debug|x86.ActiveCfg = Debug|Win32
		{A2EC7D57-2553-4851-B618-A3F1997F93D6}.Debug|x86.Build.0 = Debug|Win32
		{A2EC7D57-2553-4851-B618-A3F1997F93D6}.Release|x86.ActiveCfg = Release|Win32
		{A2EC7D57-2553-4851-B618-A3F1997F93D6}.Release|x86.Build.0 = Release|Win32
		{A2EC7D57-2553-4851-B618-A3F1997F93D6}.Template|x86.ActiveCfg = Alpha32 Release|Win32
		{A2EC7D57-2553-4851-B618-A3F1997F93D6}.Template|x86.Build.0 = Alpha32 Release|Win32
		{1234E73E-321D-45C8-A0B9-3A37B0E3096C}.Alpha32 Debug|x86.ActiveCfg = Alpha32 Debug|Win32
		{1234E73E-321D-45C8-A0B9-3A37B0E3096C}.Alpha32 Debug|x86.Build.0 = Alpha32 Debug|Win32
		{1234E73E-321D-45C8-A0B9-3A37B0E3096C}.Alpha32 Release|x86.ActiveCfg = Alpha32 Release|Win32
		{1234E73E-321D-45C8-A0B9-3A37B0E3096C}.Alpha32 Release|x86.Build.0 = Alpha32 Release|Win32
		{1234E73E-321D-45C8-A0B9-3A37B0E3096C}.Debug|x86.ActiveCfg = Debug|Win32
		{1234E73E-321D-45C8-A0B9-3A37B0E3096C}.Debug|x86.Build.0 = Debug|Win32
		{1234E73E-321D-45C8-A0B9-3A37B0E3096C}.Release|x86.ActiveCfg = Release|Win32
		{1234E73E-321D-45C8-A0B9-3A37B0E3096C}.Release|x86.Build.0 = Release|Win32
		{1234E73E-321D-45C8-A0B9-3A37B0E3096C}.Template|x86.ActiveCfg = Template|Win32
		{1234E73E-321D-45C8-A0B9-3A37B0E3096C}.Template|x86.Build.0 = Template|Win32
		{10A80467-0688-4581-B271-BCA30DF2F82C}.Alpha32 Debug|x86.ActiveCfg = Alpha32 Debug|Win32
		{10A80467-0688-4581-B271-BCA30DF2F82C}.Alpha32 Debug|x86.Build.0 = Alpha32 Debug|Win32
		{10A80467-0688-4581-B271-BCA30DF2F82C}.Alpha32 Release|x86.ActiveCfg = Alpha32 Release|Win32
		{10A80467-0688-4581-B271-BCA30DF2F82C}.Alpha32 Release|x86.Build.0 = Alpha32 Release|Win32
		{10A80467-0688-4581-B271-BCA30DF2F82C}.Debug|x86.ActiveCfg = Debug|Win32
		{10A80467-0688-4581-B271-BCA30DF2F82C}.Debug|x86.Build.0 = Debug|Win32
		{10A80467-0688-4581-B271-BCA30DF2F82C}.Release|x86.ActiveCfg = Release|Win32
		{10A80467-0688-4581-B271-BCA30DF2F82C}.Release|x86.Build.0 = Release|Win32
		{10A80467-0688-4581-B271-BCA30DF2F82C}.Template|x86.ActiveCfg = Template|Win32
		{10A80467-0688-4581-B271-BCA30DF2F82C}.Template|x86.Build.0 = Template|Win32
		{4B97B596-8E8B-42F3-BF92-CFA024A58A60}.Alpha32 Debug|x86.ActiveCfg = Alpha32 Debug|Win32
		{4B97B596-8E8B-42F3-BF92-CFA024A58A60}.Alpha32 Debug|x86.Build.0 = Alpha32 Debug|Win32
		{4B97B596-8E8B-42F3-BF92-CFA024A58A60}.Alpha32 Release|x86.ActiveCfg = Alpha32 Release|Win32
		{4B97B596-8E8B-42F3-BF92-CFA024A58A60}.Alpha32 Release|x86.Build.0 = Alpha32 Release|Win32
		{4B97B596-8E8B-42F3-BF92-CFA024A58A60}.Debug|x86.ActiveCfg = Debug|Win32
		{4B97B596-8E8B-42F3-BF92-CFA024A58A60}.Debug|x86.Build.0 = Debug|Win32
		{4B97B596-8E8B-42F3-BF92-CFA024A58A60}.Release|x86.ActiveCfg = Release|Win32
		{4B97B596-8E8B-42F3-BF92-CFA024A58A60}.Release|x86.Build.0 = Release|Win32
		{4B97B596-8E8B-42F3-BF92-CFA024A58A60}.Template|x86.ActiveCfg = Template|Win32
		{4B97B596-8E8B-42F3-BF92-CFA024A58A60}.Template|x86.Build.0 = Template|Win32
		{0BD3162A-100A-4CE1-8F13-786FE49BAC43}.Alpha32 Debug|x86.ActiveCfg = Alpha32 Debug|Win32
		{0BD3162A-100A-4CE1-8F13-786FE49BAC43}.Alpha32 Debug|x86.Build.0 = Alpha32 Debug|Win32
		{0BD3162A-100A-4CE1-8F13-786FE49BAC43}.Alpha32 Release|x86.ActiveCfg = Alpha32 Release|Win32
		{0BD3162A-100A-4CE1-8F13-786FE49BAC43}.Alpha32 Release|x86.Build.0 = Alpha32 Release|Win32
		{0BD3162A-100A-4CE1-8F13-786FE49BAC43}.Debug|x86.ActiveCfg = Debug|Win32
		{0BD3162A-100A-4CE1-8F13-786FE49BAC43}.Debug|x86.Build.0 = Debug|Win32
		{0BD3162A-100A-4CE1-8F13-786FE49BAC43}.Release|x86.ActiveCfg = Release|Win32
		{0BD3162A-100A-4CE1-8F13-786FE49BAC43}.Release|x86.Build.0 = Release|Win32
		{0BD3162A-100A-4CE1-8F13-786FE49BAC43}.Template|x86.ActiveCfg = Template|Win32
		{0BD3162A-100A-4CE1-8F13-786FE49BAC43}.Template|x86.Build.0 = Template|Win32
		{C50BDA38-33F9-4A29-A6F8-AA35FC4233B9}.Alpha32 Debug|x86.ActiveCfg = Alpha32 Debug|Win32
		{C50BDA38-33F9-4A29-A6F8-AA35FC4233B9}.Alpha32 Debug|x86.Build.0 = Alpha32 Debug|Win32
		{C50BDA38-33F9-4A29-A6F8-AA35FC4233B9}.Alpha32 Release|x86.ActiveCfg = Alpha32 Release|Win32
		{C50BDA38-33F9-4A29-A6F8-AA35FC4233B9}.Alpha32 Release|x86.Build.0 = Alpha32 Release|Win32
		{C50BDA38-33F9-4A29-A6F8-AA35FC4233B9}.Debug|x86.ActiveCfg = Debug|Win32
		{C50BDA38-33F9-4A29-A6F8-AA35FC4233B9}.Debug|x86.Build.0 = Debug|Win32
		{C50BDA38-33F9-4A29-A6F8-AA35FC4233B9}.Release|x86.ActiveCfg = Release|Win32
		{C50BDA38-33F9-4A29-A6F8-AA35FC4233B9}.Release|x86.Build.0 = Release|Win32
		{C50BDA38-33F9-4A29-A6F8-AA35FC4233B9}.Template|x86.ActiveCfg = Template|Win32
		{C50BDA38-33F9-4A29-A6F8-AA35FC4233B9}.Template|x86.Build.0 = Template|Win32
		{1D52AED0-534B-4326-BD11-137946892432}.Alpha32 Debug|x86.ActiveCfg = Alpha32 Debug|Win32
		{1D52AED0-534B-4326-BD11-137946892432}.Alpha32 Debug|x86.Build.0 = Alpha32 Debug|Win32
		{1D52AED0-534B-4326-BD11-137946892432}.Alpha32 Release|x86.ActiveCfg = Alpha32 Release|Win32
		{1D52AED0-534B-4326-BD11-137946892432}.Alpha32 Release|x86.Build.0 = Alpha32 Release|Win32
		{1D52AED0-534B-4326-BD11-137946892432}.Debug|x86.ActiveCfg = Debug|Win32
		{1D52AED0-534B-4326-BD11-137946892432}.Debug|x86.Build.0 = Debug|Win32
		{1D52AED0-534B-4326-BD11-137946892432}.Release|x86.ActiveCfg = Release|Win32
		{1D52AED0-534B-4326-BD11-137946892432}.Release|x86.Build.0 = Release|Win32
		{1D52AED0-534B-4326-BD11-137946892432}.Template|x86.ActiveCfg = Template|Win32
		{1D52AED0-534B-4326-BD11-137946892432}.Template|x86.Build.0 = Template|Win32
		{F77371DE-8F27-4420-B3FA-FC481945CD3D}.Alpha32 Debug|x86.ActiveCfg = Alpha32 Debug|Win32
		{F77371DE-8F27-4420-B3FA-FC481945CD3D}.Alpha32 Debug|x86.Build.0 = Alpha32 Debug|Win32
		{F77371DE-8F27-4420-B3FA-FC481945CD3D}.Alpha32 Release|x86.ActiveCfg = Alpha32 Release|Win32
		{F77371DE-8F27-4420-B3FA-FC481945CD3D}.Alpha32 Release|x86.Build.0 = Alpha32 Release|Win32
		{F77371DE-8F27-4420-B3FA-FC481945CD3D}.Debug|x86.ActiveCfg = Debug|Win32
		{F77371DE-8F27-4420-B3FA-FC481945CD3D}.Debug|x86.Build.0 = Debug|Win32
		{F77371DE-8F27-4420-B3FA-FC481945CD3D}.Release|x86.ActiveCfg = Release|Win32
		{F77371DE-8F27-4420-B3FA-FC481945CD3D}.Release|x86.Build.0 = Release|Win32
		{F77371DE-8F27-4420-B3FA-FC481945CD3D}.Template|x86.ActiveCfg = Template|Win32
		{F77371DE-8F27-4420-B3FA-FC481945CD3D}.Template|x86.Build.0 = Template|Win32
		{CA3AE825-2C4B-49A1-8624-9AC81EF38C91}.Alpha32 Debug|x86.ActiveCfg = Alpha32 Debug|Win32
		{CA3AE825-2C4B-49A1-8624-9AC81EF38C91}.Alpha32 Debug|x86.Build.0 = Alpha32 Debug|Win32
		{CA3AE825-2C4B-49A1-8624-9AC81EF38C91}.Alpha32 Release|x86.ActiveCfg = Alpha32 Release|Win32
		{CA3AE825-2C4B-49A1-8624-9AC81EF38C91}.Alpha32 Release|x86.Build.0 = Alpha32 Release|Win32
		{CA3AE825-2C4B-49A1-8624-9AC81EF38C91}.Debug|x86.ActiveCfg = Debug|Win32
		{CA3AE825-2C4B-49A1-8624-9AC81EF38C91}.Debug|x86.Build.0 = Debug|Win32
		{CA3AE825-2C4B-49A1-8624-9AC81EF38C91}.Release|x86.ActiveCfg = Release|Win32
		{CA3AE825-2C4B-49A1-8624-9AC81EF38C91}.Release|x86.Build.0 = Release|Win32
		{CA3AE825-2C4B-49A1-8624-9AC81EF38C91}.Template|x86.ActiveCfg = Template|Win32
		{CA3AE825-2C4B-49A1-8624-9AC81EF38C91}.Template|x86.Build.0 = Template|Win32
		{08287CB5-5E20-43E8-8080-21CC72299F2E}.Alpha32 Debug|x86.ActiveCfg = Alpha32 Debug|Win32
		{08287CB5-5E20-43E8-8080-21CC72299F2E}.Alpha32 Debug|x86.Build.0 = Alpha32 Debug|Win32
		{08287CB5-5E20-43E8-8080-21CC72299F2E}.Alpha32 Release|x86.ActiveCfg = Alpha32 Release|Win32
		{08287CB5-5E20-43E8-8080-21CC72299F2E}.Alpha32 Release|x86.Build.0 = Alpha32 Release|Win32
		{08287CB5-5E20-43E8-8080-21CC72299F2E}.Debug|x86.ActiveCfg = Debug|Win32
		{08287CB5-5E20-43E8-8080-21CC72299F2E}.Debug|x86.Build.0 = Debug|Win32
		{08287CB5-5E20-43E8-8080-21CC72299F2E}.Release|x86.ActiveCfg = Release|Win32
		{08287CB5-5E20-43E8-8080-21CC72299F2E}.Release|x86.Build.0 = Release|Win32
		{08287CB5-5E20-43E8-8080-21CC72299F2E}.Template|x86.ActiveCfg = Template|Win32
		{08287CB5-5E20-43E8-8080-21CC72299F2E}.Template|x86.Build.0 = Template|Win32
		{9D709845-F2ED-4BBD-BAE8-E8AA74866B4B}.Alpha32 Debug|x86.ActiveCfg = Alpha32 Debug|Win32
		{9D709845-F2ED-4BBD-BAE8-E8AA74866B4B}.Alpha32 Debug|x86.Build.0 = Alpha32 Debug|Win32
		{9D709845-F2ED-4BBD-BAE8-E8AA74866B4B}.Alpha32 Release|x86.ActiveCfg = Alpha32 Release|Win32
		{9D709845-F2ED-4BBD-BAE8-E8AA74866B4B}.Alpha32 Release|x86.Build.0 = Alpha32 Release|Win32
		{9D709845-F2ED-4BBD-BAE8-E8AA74866B4B}.Debug|x86.ActiveCfg = Debug|Win32
		{9D709845-F2ED-4BBD-BAE8-E8AA74866B4B}.Debug|x86.Build.0 = Debug|Win32
		{9D709845-F2ED-4BBD-BAE8-E8AA74866B4B}.Release|x86.ActiveCfg = Release|Win32
		{9D709845-F2ED-4BBD-BAE8-E8AA74866B4B}.Release|x86.Build.0 = Release|Win32
		{9D709845-F2ED-4BBD-BAE8-E8AA74866B4B}.Template|x86.ActiveCfg = Template|Win32
		{9D709845-F2ED-4BBD-BAE8-E8AA74866B4B}.Template|x86.Build.0 = Template|Win32
		{1422DAD6-FE46-42B3-9CD1-BC5E8AC6E208}.Alpha32 Debug|x86.ActiveCfg = Alpha32 Debug|Win32
		{1422DAD6-FE46-42B3-9CD1-BC5E8AC6E208}.Alpha32 Debug|x86.Build.0 = Alpha32 Debug|Win32
		{1422DAD6-FE46-42B3-9CD1-BC5E8AC6E208}.Alpha32 Release|x86.ActiveCfg = Alpha32 Release|Win32
		{1422DAD6-FE46-42B3-9CD1-BC5E8AC6E208}.Alpha32 Release|x86.Build.0 = Alpha32 Release|Win32
		{1422DAD6-FE46-42B3-9CD1-BC5E8AC6E208}.Debug|x86.ActiveCfg = Debug|Win32
		{1422DAD6-FE46-42B3-9CD1-BC5E8AC6E208}.Debug|x86.Build.0 = Debug|Win32
		{1422DAD6-FE46-42B3-9CD1-BC5E8AC6E208}.Release|x86.ActiveCfg = Release|Win32
		{1422DAD6-FE46-42B3-9CD1-BC5E8AC6E208}.Release|x86.Build.0 = Release|Win32
		{1422DAD6-FE46-42B3-9CD1-BC5E8AC6E208}.Template|x86.ActiveCfg = Template|Win32
		{1422DAD6-FE46-42B3-9CD1-BC5E8AC6E208}.Template|x86.Build.0 = Template|Win32
		{6445A561-8528-4E2E-AD63-D1117FD1CD30}.Alpha32 Debug|x86.ActiveCfg = Alpha32 Debug|Win32
		{6445A561-8528-4E2E-AD63-D1117FD1CD30}.Alpha32 Debug|x86.Build.0 = Alpha32 Debug|Win32
		{6445A561-8528-4E2E-AD63-D1117FD1CD30}.Alpha32 Release|x86.ActiveCfg = Alpha32 Release|Win32
		{6445A561-8528-4E2E-AD63-D1117FD1CD30}.Alpha32 Release|x86.Build.0 = Alpha32 Release|Win32
		{6445A561-8528-4E2E-AD63-D1117FD1CD30}.Debug|x86.ActiveCfg = Debug|Win32
		{6445A561-8528-4E2E-AD63-D1117FD1CD30}.Debug|x86.Build.0 = Debug|Win32
		{6445A561-8528-4E2E-AD63-D1117FD1CD30}.Release|x86.ActiveCfg = Release|Win32
		{6445A561-8528-4E2E-AD63-D1117FD1CD30}.Release|x86.Build.0 = Release|Win32
		{6445A561-8528-4E2E-AD63-D1117FD1CD30}.Template|x86.ActiveCfg = Template|Win32
		{6445A561-8528-4E2E-AD63-D1117FD1CD30}.Template|x86.Build.0 = Template|Win32
		{A55C7D77-08FB-414F-AEF9-E416BA47BF8B}.Alpha32 Debug|x86.ActiveCfg = Alpha32 Debug|Win32
		{A55C7D77-08FB-414F-AEF9-E416BA47BF8B}.Alpha32 Debug|x86.Build.0 = Alpha32 Debug|Win32
		{A55C7D77-08FB-414F-AEF9-E416BA47BF8B}.Alpha32 Release|x86.ActiveCfg = Alpha32 Release|Win32
		{A55C7D77-08FB-414F-AEF9-E416BA47BF8B}.Alpha32 Release|x86.Build.0 = Alpha32 Release|Win32
		{A55C7D77-08FB-414F-AEF9-E416BA47BF8B}.Debug|x86.ActiveCfg = Debug|Win32
		{A55C7D77-08FB-414F-AEF9-E416BA47BF8B}.Debug|x86.Build.0 = Debug|Win32
		{A55C7D77-08FB-414F-AEF9-E416BA47BF8B}.Release|x86.ActiveCfg = Release|Win32
		{A55C7D77-08FB-414F-AEF9-E416BA47BF8B}.Release|x86.Build.0 = Release|Win32
		{A55C7D77-08FB-414F-AEF9-E416BA47BF8B}.Template|x86.ActiveCfg = Template|Win32
		{A55C7D77-08FB-414F-AEF9-E416BA47BF8B}.Template|x86.Build.0 = Template|Win32
		{662CC337-9FB1-4E06-AC77-E6F7961EC2E2}.Alpha32 Debug|x86.ActiveCfg = Alpha32 Debug|Win32
		{662CC337-9FB1-4E06-AC77-E6F7961EC2E2}.Alpha32 Debug|x86.Build.0 = Alpha32 Debug|Win32
		{662CC337-9FB1-4E06-AC77-E6F7961EC2E2}.Alpha32 Release|x86.ActiveCfg = Alpha32 Release|Win32
		{662CC337-9FB1-4E06-AC77-E6F7961EC2E2}.Alpha32 Release|x86.Build.0 = Alpha32 Release|Win32
		{662CC337-9FB1-4E06-AC77-E6F7961EC2E2}.Debug|x86.ActiveCfg = Debug|Win32
		{662CC337-9FB1-4E06-AC77-E6F7961EC2E2}.Debug|x86.Build.0 = Debug|Win32
		{662CC337-9FB1-4E06-AC77-E6F7961EC2E2}.Release|x86.ActiveCfg = Release|Win32
		{662CC337-9FB1-4E06-AC77-E6F7961EC2E2}.Release|x86.Build.0 = Release|Win32
		{662CC337-9FB1-4E06-AC77-E6F7961EC2E2}.Template|x86.ActiveCfg = Template|Win32
		{662CC337-9FB1-4E06-AC77-E6F7961EC2E2}.Template|x86.Build.0 = Template|Win32
		{A30D7A07-C039-4BD6-8920-232077D0A0C1}.Alpha32 Debug|x86.ActiveCfg = Alpha32 Debug|Win32
		{A30D7A07-C039-4BD6-8920-232077D0A0C1}.Alpha32 Debug|x86.Build.0 = Alpha32 Debug|Win32
		{A30D7A07-C039-4BD6-8920-232077D0A0C1}.Alpha32 Release|x86.ActiveCfg = Alpha32 Release|Win32
		{A30D7A07-C039-4BD6-8920-232077D0A0C1}.Alpha32 Release|x86.Build.0 = Alpha32 Release|Win32
		{A30D7A07-C039-4BD6-8920-232077D0A0C1}.Debug|x86.ActiveCfg = Debug|Win32
		{A30D7A07-C039-4BD6-8920-232077D0A0C1}.Debug|x86.Build.0 = Debug|Win32
		{A30D7A07-C039-4BD6-8920-232077D0A0C1}.Release|x86.ActiveCfg = Release|Win32
		{A30D7A07-C039-4BD6-8920-232077D0A0C1}.Release|x86.Build.0 = Release|Win32
		{A30D7A07-C039-4BD6-8920-232077D0A0C1}.Template|x86.ActiveCfg = Template|Win32
		{A30D7A07-C039-4BD6-8920-232077D0A0C1}.Template|x86.Build.0 = Template|Win32
		{0B2F5B17-C570-4354-AC51-134B5A98861E}.Alpha32 Debug|x86.ActiveCfg = Alpha32 Debug|Win32
		{0B2F5B17-C570-4354-AC51-134B5A98861E}.Alpha32 Debug|x86.Build.0 = Alpha32 Debug|Win32
		{0B2F5B17-C570-4354-AC51-134B5A98861E}.Alpha32 Release|x86.ActiveCfg = Alpha32 Release|Win32
		{0B2F5B17-C570-4354-AC51-134B5A98861E}.Alpha32 Release|x86.Build.0 = Alpha32 Release|Win32
		{0B2F5B17-C570-4354-AC51-134B5A98861E}.Debug|x86.ActiveCfg = Debug|Win32
		{0B2F5B17-C570-4354-AC51-134B5A98861E}.Debug|x86.Build.0 = Debug|Win32
		{0B2F5B17-C570-4354-AC51-134B5A98861E}.Release|x86.ActiveCfg = Release|Win32
		{0B2F5B17-C570-4354-AC51-134B5A98861E}.Release|x86.Build.0 = Release|Win32
		{0B2F5B17-C570-4354-AC51-134B5A98861E}.Template|x86.ActiveCfg = Template|Win32
		{0B2F5B17-C570-4354-AC51-134B5A98861E}.Template|x86.Build.0 = Template|Win32
		{18CBE650-4B45-447C-BAED-1358974355B6}.Alpha32 Debug|x86.ActiveCfg = Alpha32 Debug|Win32
		{18CBE650-4B45-447C-BAED-1358974355B6}.Alpha32 Debug|x86.Build.0 = Alpha32 Debug|Win32
		{18CBE650-4B45-447C-BAED-1358974355B6}.Alpha32 Release|x86.ActiveCfg = Alpha32 Release|Win32
		{18CBE650-4B45-447C-BAED-1358974355B6}.Alpha32 Release|x86.Build.0 = Alpha32 Release|Win32
		{18CBE650-4B45-447C-BAED-1358974355B6}.Debug|x86.ActiveCfg = Debug|Win32
		{18CBE650-4B45-447C-BAED-1358974355B6}.Debug|x86.Build.0 = Debug|Win32
		{18CBE650-4B45-447C-BAED-1358974355B6}.Release|x86.ActiveCfg = Release|Win32
		{18CBE650-4B45-447C-BAED-1358974355B6}.Release|x86.Build.0 = Release|Win32
		{18CBE650-4B45-447C-BAED-1358974355B6}.Template|x86.ActiveCfg = Template|Win32
		{18CBE650-4B45-447C-BAED-1358974355B6}.Template|x86.Build.0 = Template|Win32
		{A46DBA20-EB65-4211-AE35-5F6AE18EC8BE}.Alpha32 Debug|x86.ActiveCfg = Alpha32 Debug|Win32
		{A46DBA20-EB65-4211-AE35-5F6AE18EC8BE}.Alpha32 Debug|x86.Build.0 = Alpha32 Debug|Win32
		{A46DBA20-EB65-4211-AE35-5F6AE18EC8BE}.Alpha32 Release|x86.ActiveCfg = Alpha32 Release|Win32
		{A46DBA20-EB65-4211-AE35-5F6AE18EC8BE}.Alpha32 Release|x86.Build.0 = Alpha32 Release|Win32
		{A46DBA20-EB65-4211-AE35-5F6AE18EC8BE}.Debug|x86.ActiveCfg = Debug|Win32
		{A46DBA20-EB65-4211-AE35-5F6AE18EC8BE}.Debug|x86.Build.0 = Debug|Win32
		{A46DBA20-EB65-4211-AE35-5F6AE18EC8BE}.Release|x86.ActiveCfg = Release|Win32
		{A46DBA20-EB65-4211-AE35-5F6AE18EC8BE}.Release|x86.Build.0 = Release|Win32
		{A46DBA20-EB65-4211-AE35-5F6AE18EC8BE}.Template|x86.ActiveCfg = Template|Win32
		{A46DBA20-EB65-4211-AE35-5F6AE18EC8BE}.Template|x86.Build.0 = Template|Win32
		{F3E043BD-241F-4E0C-917E-A4A077422261}.Alpha32 Debug|x86.ActiveCfg = Alpha32 Debug|Win32
		{F3E043BD-241F-4E0C-917E-A4A077422261}.Alpha32 Debug|x86.Build.0 = Alpha32 Debug|Win32
		{F3E043BD-241F-4E0C-917E-A4A077422261}.Alpha32 Release|x86.ActiveCfg = Alpha32 Release|Win32
		{F3E043BD-241F-4E0C-917E-A4A077422261}.Alpha32 Release|x86.Build.0 = Alpha32 Release|Win32
		{F3E043BD-241F-4E0C-917E-A4A077422261}.Debug|x86.ActiveCfg = Debug|Win32
		{F3E043BD-241F-4E0C-917E-A4A077422261}.Debug|x86.Build.0 = Debug|Win32
		{F3E043BD-241F-4E0C-917E-A4A077422261}.Release|x86.ActiveCfg = Release|Win32
		{F3E043BD-241F-4E0C-917E-A4A077422261}.Release|x86.Build.0 = Release|Win32
		{F3E043BD-241F-4E0C-917E-A4A077422261}.Template|x86.ActiveCfg = Template|Win32
		{F3E043BD-241F-4E0C-917E-A4A077422261}.Template|x86.Build.0 = Template|Win32
		{3E23FA15-9E36-4069-9DE0-A8EA7E2C82F0}.Alpha32 Debug|x86.ActiveCfg = Alpha32 Debug|Win32
		{3E23FA15-9E36-4069-9DE0-A8EA7E2C82F0}.Alpha32 Debug|x86.Build.0 = Alpha32 Debug|Win32
		{3E23FA15-9E36-4069-9DE0-A8EA7E2C82F0}.Alpha32 Release|x86.ActiveCfg = Alpha32 Release|Win32
		{3E23FA15-9E36-4069-9DE0-A8EA7E2C82F0}.Alpha32 Release|x86.Build.0 = Alpha32 Release|Win32
		{3E23FA15-9E36-4069-9DE0-A8EA7E2C82F0}.Debug|x86.ActiveCfg = Debug|Win32
		{3E23FA15-9E36-4069-9DE0-A8EA7E2C82F0}.Debug|x86.Build.0 = Debug|Win32
		{3E23FA15-9E36-4069-9DE0-A8EA7E2C82F0}.Release|x86.ActiveCfg = Release|Win32
		{3E23FA15-9E36-4069-9DE0-A8EA7E2C82F0}.Release|x86.Build.0 = Release|Win32
		{3E23FA15-9E36-4069-9DE0-A8EA7E2C82F0}.Template|x86.ActiveCfg = Template|Win32
		{3E23FA15-9E36-4069-9DE0-A8EA7E2C82F0}.Template|x86.Build.0 = Template|Win32
		{8C64C4E6-CF75-42A7-AA62-5F64655A9E1D}.Alpha32 Debug|x86.ActiveCfg = Alpha32 Debug|Win32
		{8C64C4E6-CF75-42A7-AA62-5F64655A9E1D}.Alpha32 Debug|x86.Build.0 = Alpha32 Debug|Win32
		{8C64C4E6-CF75-42A7-AA62-5F64655A9E1D}.Alpha32 Release|x86.ActiveCfg = Alpha32 Release|Win32
		{8C64C4E6-CF75-42A7-AA62-5F64655A9E1D}.Alpha32 Release|x86.Build.0 = Alpha32 Release|Win32
		{8C64C4E6-CF75-42A7-AA62-5F64655A9E1D}.Debug|x86.ActiveCfg = Debug|Win32
		{8C64C4E6-CF75-42A7-AA62-5F64655A9E1D}.Debug|x86.Build.0 = Debug|Win32
		{8C64C4E6-CF75-42A7-AA62-5F64655A9E1D}.Release|x86.ActiveCfg = Release|Win32
		{8C64C4E6-CF75-42A7-AA62-5F64655A9E1D}.Release|x86.Build.0 = Release|Win32
		{8C64C4E6-CF75-42A7-AA62-5F64655A9E1D}.Template|x86.ActiveCfg = Template|Win32
		{8C64C4E6-CF75-42A7-AA62-5F64655A9E1D}.Template|x86.Build.0 = Template|Win32
		{07121307-AE23-4A3A-9853-4660815107CA}.Alpha32 Debug|x86.ActiveCfg = Alpha32 Debug|Win32
		{07121307-AE23-4A3A-9853-4660815107CA}.Alpha32 Debug|x86.Build.0 = Alpha32 Debug|Win32
		{07121307-AE23-4A3A-9853-4660815107CA}.Alpha32 Release|x86.ActiveCfg = Alpha32 Release|Win32
		{07121307-AE23-4A3A-9853-4660815107CA}.Alpha32 Release|x86.Build.0 = Alpha32 Release|Win32
		{07121307-AE23-4A3A-9853-4660815107CA}.Debug|x86.ActiveCfg = Debug|Win32
		{07121307-AE23-4A3A-9853-4660815107CA}.Debug|x86.Build.0 = Debug|Win32
		{07121307-AE23-4A3A-9853-4660815107CA}.Release|x86.ActiveCfg = Release|Win32
		{07121307-AE23-4A3A-9853-4660815107CA}.Release|x86.Build.0 = Release|Win32
		{07121307-AE23-4A3A-9853-4660815107CA}.Template|x86.ActiveCfg = Template|Win32
		{07121307-AE23-4A3A-9853-4660815107CA}.Template|x86.Build.0 = Template|Win32
		{D10FD4E5-2537-4CCD-8EF5-B62D4EEBC886}.Alpha32 Debug|x86.ActiveCfg = Alpha32 Debug|Win32
		{D10FD4E5-2537-4CCD-8EF5-B62D4EEBC886}.Alpha32 Debug|x86.Build.0 = Alpha32 Debug|Win32
		{D10FD4E5-2537-4CCD-8EF5-B62D4EEBC886}.Alpha32 Release|x86.ActiveCfg = Alpha32 Release|Win32
		{D10FD4E5-2537-4CCD-8EF5-B62D4EEBC886}.Alpha32 Release|x86.Build.0 = Alpha32 Release|Win32
		{D10FD4E5-2537-4CCD-8EF5-B62D4EEBC886}.Debug|x86.ActiveCfg = Debug|Win32
		{D10FD4E5-2537-4CCD-8EF5-B62D4EEBC886}.Debug|x86.Build.0 = Debug|Win32
		{D10FD4E5-2537-4CCD-8EF5-B62D4EEBC886}.Release|x86.ActiveCfg = Release|Win32
		{D10FD4E5-2537-4CCD-8EF5-B62D4EEBC886}.Release|x86.Build.0 = Release|Win32
		{D10FD4E5-2537-4CCD-8EF5-B62D4EEBC886}.Template|x86.ActiveCfg = Template|Win32
		{D10FD4E5-2537-4CCD-8EF5-B62D4EEBC886}.Template|x86.Build.0 = Template|Win32
		{4724CBA7-56AB-4361-B673-414E9A4E5FD7}.Alpha32 Debug|x86.ActiveCfg = Alpha32 Debug|Win32
		{4724CBA7-56AB-4361-B673-414E9A4E5FD7}.Alpha32 Debug|x86.Build.0 = Alpha32 Debug|Win32
		{4724CBA7-56AB-4361-B673-414E9A4E5FD7}.Alpha32 Release|x86.ActiveCfg = Alpha32 Release|Win32
		{4724CBA7-56AB-4361-B673-414E9A4E5FD7}.Alpha32 Release|x86.Build.0 = Alpha32 Release|Win32
		{4724CBA7-56AB-4361-B673-414E9A4E5FD7}.Debug|x86.ActiveCfg = Debug|Win32
		{4724CBA7-56AB-4361-B673-414E9A4E5FD7}.Debug|x86.Build.0 = Debug|Win32
		{4724CBA7-56AB-4361-B673-414E9A4E5FD7}.Release|x86.ActiveCfg = Release|Win32
		{4724CBA7-56AB-4361-B673-414E9A4E5FD7}.Release|x86.Build.0 = Release|Win32
		{4724CBA7-56AB-4361-B673-414E9A4E5FD7}.Template|x86.ActiveCfg = Template|Win32
		{4724CBA7-56AB-4361-B673-414E9A4E5FD7}.Template|x86.Build.0 = Template|Win32
		{DC721CFC-EBF0-43F7-8803-5A4C67A0B737}.Alpha32 Debug|x86.ActiveCfg = Alpha32 Debug|Win32
		{DC721CFC-EBF0-43F7-8803-5A4C67A0B737}.Alpha32 Debug|x86.Build.0 = Alpha32 Debug|Win32
		{DC721CFC-EBF0-43F7-8803-5A4C67A0B737}.Alpha32 Release|x86.ActiveCfg = Alpha32 Release|Win32
		{DC721CFC-EBF0-43F7-8803-5A4C67A0B737}.Alpha32 Release|x86.Build.0 = Alpha32 Release|Win32
		{DC721CFC-EBF0-43F7-8803-5A4C67A0B737}.Debug|x86.ActiveCfg = Debug|Win32
		{DC721CFC-EBF0-43F7-8803-5A4C67A0B737}.Debug|x86.Build.0 = Debug|Win32
		{DC721CFC-EBF0-43F7-8803-5A4C67A0B737}.Release|x86.ActiveCfg = Release|Win32
		{DC721CFC-EBF0-43F7-8803-5A4C67A0B737}.Release|x86.Build.0 = Release|Win32
		{DC721CFC-EBF0-43F7-8803-5A4C67A0B737}.Template|x86.ActiveCfg = Template|Win32
		{DC721CFC-EBF0-43F7-8803-5A4C67A0B737}.Template|x86.Build.0 = Template|Win32
		{7D148006-17DE-4D1B-8645-3C239054619A}.Alpha32 Debug|x86.ActiveCfg = Alpha32 Debug|Win32
		{7D148006-17DE-4D1B-8645-3C239054619A}.Alpha32 Debug|x86.Build.0 = Alpha32 Debug|Win32
		{7D148006-17DE-4D1B-8645-3C239054619A}.Alpha32 Release|x86.ActiveCfg = Alpha32 Release|Win32
		{7D148006-17DE-4D1B-8645-3C239054619A}.Alpha32 Release|x86.Build.0 = Alpha32 Release|Win32
		{7D148006-17DE-4D1B-8645-3C239054619A}.Debug|x86.ActiveCfg = Debug|Win32
		{7D148006-17DE-4D1B-8645-3C239054619A}.Debug|x86.Build.0 = Debug|Win32
		{7D148006-17DE-4D1B-8645-3C239054619A}.Release|x86.ActiveCfg = Release|Win32
		{7D148006-17DE-4D1B-8645-3C239054619A}.Release|x86.Build.0 = Release|Win32
		{7D148006-17DE-4D1B-8645-3C239054619A}.Template|x86.ActiveCfg = Template|Win32
		{7D148006-17DE-4D1B-8645-3C239054619A}.Template|x86.Build.0 = Template|Win32
		{6E2CE4AF-DCC4-42B4-8DBE-AAFBCD786643}.Alpha32 Debug|x86.ActiveCfg = Alpha32 Debug|Win32
		{6E2CE4AF-DCC4-42B4-8DBE-AAFBCD786643}.Alpha32 Debug|x86.Build.0 = Alpha32 Debug|Win32
		{6E2CE4AF-DCC4-42B4-8DBE-AAFBCD786643}.Alpha32 Release|x86.ActiveCfg = Alpha32 Release|Win32
		{6E2CE4AF-DCC4-42B4-8DBE-AAFBCD786643}.Alpha32 Release|x86.Build.0 = Alpha32 Release|Win32
		{6E2CE4AF-DCC4-42B4-8DBE-AAFBCD786643}.Debug|x86.ActiveCfg = Debug|Win32
		{6E2CE4AF-DCC4-42B4-8DBE-AAFBCD786643}.Debug|x86.Build.0 = Debug|Win32
		{6E2CE4AF-DCC4-42B4-8DBE-AAFBCD786643}.Release|x86.ActiveCfg = Release|Win32
		{6E2CE4AF-DCC4-42B4-8DBE-AAFBCD786643}.Release|x86.Build.0 = Release|Win32
		{6E2CE4AF-DCC4-42B4-8DBE-AAFBCD786643}.Template|x86.ActiveCfg = Template|Win32
		{6E2CE4AF-DCC4-42B4-8DBE-AAFBCD786643}.Template|x86.Build.0 = Template|Win32
		{4643C8E4-C142-459A-9646-DB0B87767C72}.Alpha32 Debug|x86.ActiveCfg = Alpha32 Debug|Win32
		{4643C8E4-C142-459A-9646-DB0B87767C72}.Alpha32 Debug|x86.Build.0 = Alpha32 Debug|Win32
		{4643C8E4-C142-459A-9646-DB0B87767C72}.Alpha32 Release|x86.ActiveCfg = Alpha32 Release|Win32
		{4643C8E4-C142-459A-9646-DB0B87767C72}.Alpha32 Release|x86.Build.0 = Alpha32 Release|Win32
		{4643C8E4-C142-459A-9646-DB0B87767C72}.Debug|x86.ActiveCfg = Debug|Win32
		{4643C8E4-C142-459A-9646-DB0B87767C72}.Debug|x86.Build.0 = Debug|Win32
		{4643C8E4-C142-459A-9646-DB0B87767C72}.Release|x86.ActiveCfg = Release|Win32
		{4643C8E4-C142-459A-9646-DB0B87767C72}.Release|x86.Build.0 = Release|Win32
		{4643C8E4-C142-459A-9646-DB0B87767C72}.Template|x86.ActiveCfg = Template|Win32
		{4643C8E4-C142-459A-9646-DB0B87767C72}.Template|x86.Build.0 = Template|Win32
		{546A05BF-4CB6-489A-AD13-415DE3BFEB3C}.Alpha32 Debug|x86.ActiveCfg = Alpha32 Debug|Win32
		{546A05BF-4CB6-489A-AD13-415DE3BFEB3C}.Alpha32 Debug|x86.Build.0 = Alpha32 Debug|Win32
		{546A05BF-4CB6-489A-AD13-415DE3BFEB3C}.Alpha32 Release|x86.ActiveCfg = Alpha32 Release|Win32
		{546A05BF-4CB6-489A-AD13-415DE3BFEB3C}.Alpha32 Release|x86.Build.0 = Alpha32 Release|Win32
		{546A05BF-4CB6-489A-AD13-415DE3BFEB3C}.Debug|x86.ActiveCfg = Debug|Win32
		{546A05BF-4CB6-489A-AD13-415DE3BFEB3C}.Debug|x86.Build.0 = Debug|Win32
		{546A05BF-4CB6-489A-AD13-415DE3BFEB3C}.Release|x86.ActiveCfg = Release|Win32
		{546A05BF-4CB6-489A-AD13-415DE3BFEB3C}.Release|x86.Build.0 = Release|Win32
		{546A05BF-4CB6-489A-AD13-415DE3BFEB3C}.Template|x86.ActiveCfg = Template|Win32
		{546A05BF-4CB6-489A-AD13-415DE3BFEB3C}.Template|x86.Build.0 = Template|Win32
		{96679349-5516-4624-91A6-B756B43305EC}.Alpha32 Debug|x86.ActiveCfg = Alpha32 Debug|Win32
		{96679349-5516-4624-91A6-B756B43305EC}.Alpha32 Debug|x86.Build.0 = Alpha32 Debug|Win32
		{96679349-5516-4624-91A6-B756B43305EC}.Alpha32 Release|x86.ActiveCfg = Alpha32 Release|Win32
		{96679349-5516-4624-91A6-B756B43305EC}.Alpha32 Release|x86.Build.0 = Alpha32 Release|Win32
		{96679349-5516-4624-91A6-B756B43305EC}.Debug|x86.ActiveCfg = Debug|Win32
		{96679349-5516-4624-91A6-B756B43305EC}.Debug|x86.Build.0 = Debug|Win32
		{96679349-5516-4624-91A6-B756B43305EC}.Release|x86.ActiveCfg = Release|Win32
		{96679349-5516-4624-91A6-B756B43305EC}.Release|x86.Build.0 = Release|Win32
		{96679349-5516-4624-91A6-B756B43305EC}.Template|x86.ActiveCfg = Template|Win32
		{96679349-5516-4624-91A6-B756B43305EC}.Template|x86.Build.0 = Template|Win32
		{A5C7AFF8-A9B5-43A8-AF2D-1DF55F348F81}.Alpha32 Debug|x86.ActiveCfg = Alpha32 Debug|Win32
		{A5C7AFF8-A9B5-43A8-AF2D-1DF55F348F81}.Alpha32 Debug|x86.Build.0 = Alpha32 Debug|Win32
		{A5C7AFF8-A9B5-43A8-AF2D-1DF55F348F81}.Alpha32 Release|x86.ActiveCfg = Alpha32 Release|Win32
		{A5C7AFF8-A9B5-43A8-AF2D-1DF55F348F81}.Alpha32 Release|x86.Build.0 = Alpha32 Release|Win32
		{A5C7AFF8-A9B5-43A8-AF2D-1DF55F348F81}.Debug|x86.ActiveCfg = Debug|Win32
		{A5C7AFF8-A9B5-43A8-AF2D-1DF55F348F81}.Debug|x86.Build.0 = Debug|Win32
		{A5C7AFF8-A9B5-43A8-AF2D-1DF55F348F81}.Release|x86.ActiveCfg = Release|Win32
		{A5C7AFF8-A9B5-43A8-AF2D-1DF55F348F81}.Release|x86.Build.0 = Release|Win32
		{A5C7AFF8-A9B5-43A8-AF2D-1DF55F348F81}.Template|x86.ActiveCfg = Template|Win32
		{A5C7AFF8-A9B5-43A8-AF2D-1DF55F348F81}.Template|x86.Build.0 = Template|Win32
		{08420649-1388-4F97-B45F-695AF0929A14}.Alpha32 Debug|x86.ActiveCfg = Alpha32 Debug|Win32
		{08420649-1388-4F97-B45F-695AF0929A14}.Alpha32 Debug|x86.Build.0 = Alpha32 Debug|Win32
		{08420649-1388-4F97-B45F-695AF0929A14}.Alpha32 Release|x86.ActiveCfg = Alpha32 Release|Win32
		{08420649-1388-4F97-B45F-695AF0929A14}.Alpha32 Release|x86.Build.0 = Alpha32 Release|Win32
		{08420649-1388-4F97-B45F-695AF0929A14}.Debug|x86.ActiveCfg = Debug|Win32
		{08420649-1388-4F97-B45F-695AF0929A14}.Debug|x86.Build.0 = Debug|Win32
		{08420649-1388-4F97-B45F-695AF0929A14}.Release|x86.ActiveCfg = Release|Win32
		{08420649-1388-4F97-B45F-695AF0929A14}.Release|x86.Build.0 = Release|Win32
		{08420649-1388-4F97-B45F-695AF0929A14}.Template|x86.ActiveCfg = Template|Win32
		{08420649-1388-4F97-B45F-695AF0929A14}.Template|x86.Build.0 = Template|Win32
		{64116CB7-60D1-4C4D-9595-C234BB2D5E8F}.Alpha32 Debug|x86.ActiveCfg = Alpha32 Debug|Win32
		{64116CB7-60D1-4C4D-9595-C234BB2D5E8F}.Alpha32 Debug|x86.Build.0 = Alpha32 Debug|Win32
		{64116CB7-60D1-4C4D-9595-C234BB2D5E8F}.Alpha32 Release|x86.ActiveCfg = Alpha32 Release|Win32
		{64116CB7-60D1-4C4D-9595-C234BB2D5E8F}.Alpha32 Release|x86.Build.0 = Alpha32 Release|Win32
		{64116CB7-60D1-4C4D-9595-C234BB2D5E8F}.Debug|x86.ActiveCfg = Debug|Win32
		{64116CB7-60D1-4C4D-9595-C234BB2D5E8F}.Debug|x86.Build.0 = Debug|Win32
		{64116CB7-60D1-4C4D-9595-C234BB2D5E8F}.Release|x86.ActiveCfg = Release|Win32
		{64116CB7-60D1-4C4D-9595-C234BB2D5E8F}.Release|x86.Build.0 = Release|Win32
		{64116CB7-60D1-4C4D-9595-C234BB2D5E8F}.Template|x86.ActiveCfg = Template|Win32
		{64116CB7-60D1-4C4D-9595-C234BB2D5E8F}.Template|x86.Build.0 = Template|Win32
		{199BA6C6-5920-4732-A29E-9F9E3B0CBD36}.Alpha32 Debug|x86.ActiveCfg = Alpha32 Debug|Win32
		{199BA6C6-5920-4732-A29E-9F9E3B0CBD36}.Alpha32 Debug|x86.Build.0 = Alpha32 Debug|Win32
		{199BA6C6-5920-4732-A29E-9F9E3B0CBD36}.Alpha32 Release|x86.ActiveCfg = Alpha32 Release|Win32
		{199BA6C6-5920-4732-A29E-9F9E3B0CBD36}.Alpha32 Release|x86.Build.0 = Alpha32 Release|Win32
		{199BA6C6-5920-4732-A29E-9F9E3B0CBD36}.Debug|x86.ActiveCfg = Debug|Win32
		{199BA6C6-5920-4732-A29E-9F9E3B0CBD36}.Debug|x86.Build.0 = Debug|Win32
		{199BA6C6-5920-4732-A29E-9F9E3B0CBD36}.Release|x86.ActiveCfg = Release|Win32
		{199BA6C6-5920-4732-A29E-9F9E3B0CBD36}.Release|x86.Build.0 = Release|Win32
		{199BA6C6-5920-4732-A29E-9F9E3B0CBD36}.Template|x86.ActiveCfg = Template|Win32
		{199BA6C6-5920-4732-A29E-9F9E3B0CBD36}.Template|x86.Build.0 = Template|Win32
		{10A859C8-820D-4D6B-A98A-0FE7DF280B5D}.Alpha32 Debug|x86.ActiveCfg = Alpha32 Debug|Win32
		{10A859C8-820D-4D6B-A98A-0FE7DF280B5D}.Alpha32 Debug|x86.Build.0 = Alpha32 Debug|Win32
		{10A859C8-820D-4D6B-A98A-0FE7DF280B5D}.Alpha32 Release|x86.ActiveCfg = Alpha32 Release|Win32
		{10A859C8-820D-4D6B-A98A-0FE7DF280B5D}.Alpha32 Release|x86.Build.0 = Alpha32 Release|Win32
		{10A859C8-820D-4D6B-A98A-0FE7DF280B5D}.Debug|x86.ActiveCfg = Debug|Win32
		{10A859C8-820D-4D6B-A98A-0FE7DF280B5D}.Debug|x86.Build.0 = Debug|Win32
		{10A859C8-820D-4D6B-A98A-0FE7DF280B5D}.Release|x86.ActiveCfg = Release|Win32
		{10A859C8-820D-4D6B-A98A-0FE7DF280B5D}.Release|x86.Build.0 = Release|Win32
		{10A859C8-820D-4D6B-A98A-0FE7DF280B5D}.Template|x86.ActiveCfg = Template|Win32
		{10A859C8-820D-4D6B-A98A-0FE7DF280B5D}.Template|x86.Build.0 = Template|Win32
	EndGlobalSection
	GlobalSection(SolutionProperties) = preSolution
		HideSolutionNode = FALSE
	EndGlobalSection
EndGlobal
