
Microsoft Visual Studio Solution File, Format Version 12.00
# Visual Studio 14
VisualStudioVersion = 14.0.25420.1
MinimumVisualStudioVersion = 10.0.40219.1
Project("{8BC9CEB8-8B4A-11D0-8D11-00A0C91BC942}") = "01 ErrorShow", "01-ErrorShow\01 ErrorShow.vcxproj", "{4BA89644-558A-441D-A2EC-D6276C8F5F3B}"
EndProject
Project("{8BC9CEB8-8B4A-11D0-8D11-00A0C91BC942}") = "04 ProcessInfo", "04-ProcessInfo\04 ProcessInfo.vcxproj", "{DCAB1083-E38F-4D40-B90F-C02BB65495AE}"
EndProject
Project("{8BC9CEB8-8B4A-11D0-8D11-00A0C91BC942}") = "05 JobLab", "05-JobLab\05 JobLab.vcxproj", "{52ECB891-0C7F-4E35-A92F-99A8F73C4BD5}"
EndProject
Project("{8BC9CEB8-8B4A-11D0-8D11-00A0C91BC942}") = "07 SchedLab", "07-SchedLab\07 SchedLab.vcxproj", "{A00B1527-2DDF-4D6C-A23D-355BD1BEB672}"
EndProject
Project("{8BC9CEB8-8B4A-11D0-8D11-00A0C91BC942}") = "09 Handshake", "09-Handshake\09 Handshake.vcxproj", "{19CDE9AB-4073-4208-99A2-A814828D157F}"
EndProject
Project("{8BC9CEB8-8B4A-11D0-8D11-00A0C91BC942}") = "09 Queue", "09-Queue\09 Queue.vcxproj", "{61B1D073-62B0-46CC-AA81-BBCF1E848CA8}"
EndProject
Project("{8BC9CEB8-8B4A-11D0-8D11-00A0C91BC942}") = "10 InterlockedType", "10-InterlockedType\10 InterlockedType.vcxproj", "{28223CFA-7153-4143-A57C-A9B71F81B5B4}"
EndProject
Project("{8BC9CEB8-8B4A-11D0-8D11-00A0C91BC942}") = "10 Optex", "10-Optex\10 Optex.vcxproj", "{6C854AC3-F5C6-40F6-B595-EF8C093FA3C5}"
EndProject
Project("{8BC9CEB8-8B4A-11D0-8D11-00A0C91BC942}") = "10 SWMRG", "10-SWMRG\10 SWMRG.vcxproj", "{81A5DD4A-423C-4B48-ADC4-3A5EB7CD5E29}"
EndProject
Project("{8BC9CEB8-8B4A-11D0-8D11-00A0C91BC942}") = "10 WaitForMultExp", "10-WaitForMultExp\10 WaitForMultExp.vcxproj", "{61DEA17F-0EDB-4E7E-A1DF-CED1A1822DB7}"
EndProject
Project("{8BC9CEB8-8B4A-11D0-8D11-00A0C91BC942}") = "11 TimedMsgBox", "11-TimedMsgBox\11 TimedMsgBox.vcxproj", "{469CD505-2426-47D7-94CE-3C7C7BE6CB08}"
EndProject
Project("{8BC9CEB8-8B4A-11D0-8D11-00A0C91BC942}") = "12 Counter", "12-Counter\12 Counter.vcxproj", "{99747D96-3DEB-49E0-8D12-EBEB6FDD75F6}"
EndProject
Project("{8BC9CEB8-8B4A-11D0-8D11-00A0C91BC942}") = "14 SysInfo", "14-SysInfo\14 SysInfo.vcxproj", "{73C9A19F-925A-443A-8D6B-2B9A4BA1CA0D}"
EndProject
Project("{8BC9CEB8-8B4A-11D0-8D11-00A0C91BC942}") = "14 VMMap", "14-VMMap\14 VMMap.vcxproj", "{493759EC-737D-4884-B5AB-38DD38DEA2DC}"
EndProject
Project("{8BC9CEB8-8B4A-11D0-8D11-00A0C91BC942}") = "14 VMStat", "14-VMStat\14 VMStat.vcxproj", "{1B08EC5E-01B0-4224-9275-32C803B74808}"
EndProject
Project("{8BC9CEB8-8B4A-11D0-8D11-00A0C91BC942}") = "15 AWE", "15-AWE\15 AWE.vcxproj", "{293527A2-C570-494C-970C-74ED641C4E68}"
EndProject
Project("{8BC9CEB8-8B4A-11D0-8D11-00A0C91BC942}") = "15 MemReset", "15-MemReset\15 MemReset.vcxproj", "{96D8DAD4-7BF0-4422-9655-F2FD0655D4B6}"
EndProject
Project("{8BC9CEB8-8B4A-11D0-8D11-00A0C91BC942}") = "15 VMAlloc", "15-VMAlloc\15 VMAlloc.vcxproj", "{A8703F68-DAD9-439C-BFD5-A066E6E7676D}"
EndProject
Project("{8BC9CEB8-8B4A-11D0-8D11-00A0C91BC942}") = "16 Summation", "16-Summation\16 Summation.vcxproj", "{7CAE09B3-02B9-4A6F-BA46-AB0E2ED4CED2}"
EndProject
Project("{8BC9CEB8-8B4A-11D0-8D11-00A0C91BC942}") = "17 AppInst", "17-AppInst\17 AppInst.vcxproj", "{48F64B4C-685F-40AD-AEE1-0DE8446E76B5}"
EndProject
Project("{8BC9CEB8-8B4A-11D0-8D11-00A0C91BC942}") = "17 FileRev", "17-FileRev\17 FileRev.vcxproj", "{11B27102-111D-4F4C-83CD-0D49BD174BD9}"
EndProject
Project("{8BC9CEB8-8B4A-11D0-8D11-00A0C91BC942}") = "17 MMFShare", "17-MMFShare\17 MMFShare.vcxproj", "{DA010894-25F4-42C9-BB81-D82C96C493AE}"
EndProject
Project("{8BC9CEB8-8B4A-11D0-8D11-00A0C91BC942}") = "17 MMFSparse", "17-MMFSparse\17 MMFSparse.vcxproj", "{B2F2E77F-7B88-42E2-8223-1BD8A5DADF43}"
EndProject
Project("{8BC9CEB8-8B4A-11D0-8D11-00A0C91BC942}") = "20 DelayLoadApp", "20-DelayLoadApp\20 DelayLoadApp.vcxproj", "{01A22ACC-7661-484A-8D18-D1CC0D66CA76}"
EndProject
Project("{8BC9CEB8-8B4A-11D0-8D11-00A0C91BC942}") = "20 DelayLoadLib", "20-DelayLoadLib\20 DelayLoadLib.vcxproj", "{1061E47F-F41C-48CD-9D28-BDA5FDE24AB3}"
EndProject
Project("{8BC9CEB8-8B4A-11D0-8D11-00A0C91BC942}") = "22 DIPS", "22-DIPS\22 DIPS.vcxproj", "{911ABB75-1FFD-4C23-95C9-AD3FA5A34F41}"
EndProject
Project("{8BC9CEB8-8B4A-11D0-8D11-00A0C91BC942}") = "22 DIPSLib", "22-DIPSLib\22 DIPSLib.vcxproj", "{414F50C2-6B52-4F11-957E-292217092BFC}"
EndProject
Project("{8BC9CEB8-8B4A-11D0-8D11-00A0C91BC942}") = "22 ImgWalk", "22-ImgWalk\22 ImgWalk.vcxproj", "{F10CAE47-813E-432E-8A95-B24598DBC562}"
EndProject
Project("{8BC9CEB8-8B4A-11D0-8D11-00A0C91BC942}") = "22 InjLib", "22-InjLib\22 InjLib.vcxproj", "{1E15A706-D1FF-4742-A011-E4BD36D61B2D}"
EndProject
Project("{8BC9CEB8-8B4A-11D0-8D11-00A0C91BC942}") = "22 LastMsgBoxInfo", "22-LastMsgBoxInfo\22 LastMsgBoxInfo.vcxproj", "{6515D91E-CF15-466D-864A-B90A0F49BF81}"
EndProject
Project("{8BC9CEB8-8B4A-11D0-8D11-00A0C91BC942}") = "22 LastMsgBoxInfoLib", "22-LastMsgBoxInfoLib\22 LastMsgBoxInfoLib.vcxproj", "{4447D4B1-DEE1-4C61-808B-355BD9F2FEA2}"
EndProject
Project("{8BC9CEB8-8B4A-11D0-8D11-00A0C91BC942}") = "23 SEHTerm", "23-SEHTerm\23 SEHTerm.vcxproj", "{AFF8EC4C-19FF-40BD-8E77-96402DB60F77}"
EndProject
Project("{8BC9CEB8-8B4A-11D0-8D11-00A0C91BC942}") = "25 Spreadsheet", "25-Spreadsheet\25 Spreadsheet.vcxproj", "{3D85D210-26A2-4A08-AB80-766E4AFDC698}"
EndProject
Project("{8BC9CEB8-8B4A-11D0-8D11-00A0C91BC942}") = "26 CopyData", "26-CopyData\26 CopyData.vcxproj", "{E3D3BCF8-CA47-4AE8-B1B1-24B9436FBA47}"
EndProject
Project("{8BC9CEB8-8B4A-11D0-8D11-00A0C91BC942}") = "27 LISLab", "27-LISLab\27 LISLab.vcxproj", "{D1A87DF0-9ECF-4FEF-8D2D-C62C9126FEC6}"
EndProject
Project("{8BC9CEB8-8B4A-11D0-8D11-00A0C91BC942}") = "27 LISWatch", "27-LISWatch\27 LISWatch.vcxproj", "{1CFE0613-1F94-4DBE-9900-EA3DDF684548}"
EndProject
Global
	GlobalSection(SolutionConfigurationPlatforms) = preSolution
		Alpha32 Debug|x86 = Alpha32 Debug|x86
		Alpha32 Release|x86 = Alpha32 Release|x86
		Debug|x86 = Debug|x86
		Release|x86 = Release|x86
		Template|x86 = Template|x86
	EndGlobalSection
	GlobalSection(ProjectConfigurationPlatforms) = postSolution
		{4BA89644-558A-441D-A2EC-D6276C8F5F3B}.Alpha32 Debug|x86.ActiveCfg = Alpha32 Debug|Win32
		{4BA89644-558A-441D-A2EC-D6276C8F5F3B}.Alpha32 Debug|x86.Build.0 = Alpha32 Debug|Win32
		{4BA89644-558A-441D-A2EC-D6276C8F5F3B}.Alpha32 Release|x86.ActiveCfg = Alpha32 Release|Win32
		{4BA89644-558A-441D-A2EC-D6276C8F5F3B}.Alpha32 Release|x86.Build.0 = Alpha32 Release|Win32
		{4BA89644-558A-441D-A2EC-D6276C8F5F3B}.Debug|x86.ActiveCfg = Debug|Win32
		{4BA89644-558A-441D-A2EC-D6276C8F5F3B}.Debug|x86.Build.0 = Debug|Win32
		{4BA89644-558A-441D-A2EC-D6276C8F5F3B}.Release|x86.ActiveCfg = Release|Win32
		{4BA89644-558A-441D-A2EC-D6276C8F5F3B}.Release|x86.Build.0 = Release|Win32
		{4BA89644-558A-441D-A2EC-D6276C8F5F3B}.Template|x86.ActiveCfg = Alpha32 Release|Win32
		{4BA89644-558A-441D-A2EC-D6276C8F5F3B}.Template|x86.Build.0 = Alpha32 Release|Win32
		{DCAB1083-E38F-4D40-B90F-C02BB65495AE}.Alpha32 Debug|x86.ActiveCfg = Alpha32 Debug|Win32
		{DCAB1083-E38F-4D40-B90F-C02BB65495AE}.Alpha32 Debug|x86.Build.0 = Alpha32 Debug|Win32
		{DCAB1083-E38F-4D40-B90F-C02BB65495AE}.Alpha32 Release|x86.ActiveCfg = Alpha32 Release|Win32
		{DCAB1083-E38F-4D40-B90F-C02BB65495AE}.Alpha32 Release|x86.Build.0 = Alpha32 Release|Win32
		{DCAB1083-E38F-4D40-B90F-C02BB65495AE}.Debug|x86.ActiveCfg = Debug|Win32
		{DCAB1083-E38F-4D40-B90F-C02BB65495AE}.Debug|x86.Build.0 = Debug|Win32
		{DCAB1083-E38F-4D40-B90F-C02BB65495AE}.Release|x86.ActiveCfg = Release|Win32
		{DCAB1083-E38F-4D40-B90F-C02BB65495AE}.Release|x86.Build.0 = Release|Win32
		{DCAB1083-E38F-4D40-B90F-C02BB65495AE}.Template|x86.ActiveCfg = Template|Win32
		{DCAB1083-E38F-4D40-B90F-C02BB65495AE}.Template|x86.Build.0 = Template|Win32
		{52ECB891-0C7F-4E35-A92F-99A8F73C4BD5}.Alpha32 Debug|x86.ActiveCfg = Alpha32 Debug|Win32
		{52ECB891-0C7F-4E35-A92F-99A8F73C4BD5}.Alpha32 Debug|x86.Build.0 = Alpha32 Debug|Win32
		{52ECB891-0C7F-4E35-A92F-99A8F73C4BD5}.Alpha32 Release|x86.ActiveCfg = Alpha32 Release|Win32
		{52ECB891-0C7F-4E35-A92F-99A8F73C4BD5}.Alpha32 Release|x86.Build.0 = Alpha32 Release|Win32
		{52ECB891-0C7F-4E35-A92F-99A8F73C4BD5}.Debug|x86.ActiveCfg = Debug|Win32
		{52ECB891-0C7F-4E35-A92F-99A8F73C4BD5}.Debug|x86.Build.0 = Debug|Win32
		{52ECB891-0C7F-4E35-A92F-99A8F73C4BD5}.Release|x86.ActiveCfg = Release|Win32
		{52ECB891-0C7F-4E35-A92F-99A8F73C4BD5}.Release|x86.Build.0 = Release|Win32
		{52ECB891-0C7F-4E35-A92F-99A8F73C4BD5}.Template|x86.ActiveCfg = Template|Win32
		{52ECB891-0C7F-4E35-A92F-99A8F73C4BD5}.Template|x86.Build.0 = Template|Win32
		{A00B1527-2DDF-4D6C-A23D-355BD1BEB672}.Alpha32 Debug|x86.ActiveCfg = Alpha32 Debug|Win32
		{A00B1527-2DDF-4D6C-A23D-355BD1BEB672}.Alpha32 Debug|x86.Build.0 = Alpha32 Debug|Win32
		{A00B1527-2DDF-4D6C-A23D-355BD1BEB672}.Alpha32 Release|x86.ActiveCfg = Alpha32 Release|Win32
		{A00B1527-2DDF-4D6C-A23D-355BD1BEB672}.Alpha32 Release|x86.Build.0 = Alpha32 Release|Win32
		{A00B1527-2DDF-4D6C-A23D-355BD1BEB672}.Debug|x86.ActiveCfg = Debug|Win32
		{A00B1527-2DDF-4D6C-A23D-355BD1BEB672}.Debug|x86.Build.0 = Debug|Win32
		{A00B1527-2DDF-4D6C-A23D-355BD1BEB672}.Release|x86.ActiveCfg = Release|Win32
		{A00B1527-2DDF-4D6C-A23D-355BD1BEB672}.Release|x86.Build.0 = Release|Win32
		{A00B1527-2DDF-4D6C-A23D-355BD1BEB672}.Template|x86.ActiveCfg = Template|Win32
		{A00B1527-2DDF-4D6C-A23D-355BD1BEB672}.Template|x86.Build.0 = Template|Win32
		{19CDE9AB-4073-4208-99A2-A814828D157F}.Alpha32 Debug|x86.ActiveCfg = Alpha32 Debug|Win32
		{19CDE9AB-4073-4208-99A2-A814828D157F}.Alpha32 Debug|x86.Build.0 = Alpha32 Debug|Win32
		{19CDE9AB-4073-4208-99A2-A814828D157F}.Alpha32 Release|x86.ActiveCfg = Alpha32 Release|Win32
		{19CDE9AB-4073-4208-99A2-A814828D157F}.Alpha32 Release|x86.Build.0 = Alpha32 Release|Win32
		{19CDE9AB-4073-4208-99A2-A814828D157F}.Debug|x86.ActiveCfg = Debug|Win32
		{19CDE9AB-4073-4208-99A2-A814828D157F}.Debug|x86.Build.0 = Debug|Win32
		{19CDE9AB-4073-4208-99A2-A814828D157F}.Release|x86.ActiveCfg = Release|Win32
		{19CDE9AB-4073-4208-99A2-A814828D157F}.Release|x86.Build.0 = Release|Win32
		{19CDE9AB-4073-4208-99A2-A814828D157F}.Template|x86.ActiveCfg = Template|Win32
		{19CDE9AB-4073-4208-99A2-A814828D157F}.Template|x86.Build.0 = Template|Win32
		{61B1D073-62B0-46CC-AA81-BBCF1E848CA8}.Alpha32 Debug|x86.ActiveCfg = Alpha32 Debug|Win32
		{61B1D073-62B0-46CC-AA81-BBCF1E848CA8}.Alpha32 Debug|x86.Build.0 = Alpha32 Debug|Win32
		{61B1D073-62B0-46CC-AA81-BBCF1E848CA8}.Alpha32 Release|x86.ActiveCfg = Alpha32 Release|Win32
		{61B1D073-62B0-46CC-AA81-BBCF1E848CA8}.Alpha32 Release|x86.Build.0 = Alpha32 Release|Win32
		{61B1D073-62B0-46CC-AA81-BBCF1E848CA8}.Debug|x86.ActiveCfg = Debug|Win32
		{61B1D073-62B0-46CC-AA81-BBCF1E848CA8}.Debug|x86.Build.0 = Debug|Win32
		{61B1D073-62B0-46CC-AA81-BBCF1E848CA8}.Release|x86.ActiveCfg = Release|Win32
		{61B1D073-62B0-46CC-AA81-BBCF1E848CA8}.Release|x86.Build.0 = Release|Win32
		{61B1D073-62B0-46CC-AA81-BBCF1E848CA8}.Template|x86.ActiveCfg = Template|Win32
		{61B1D073-62B0-46CC-AA81-BBCF1E848CA8}.Template|x86.Build.0 = Template|Win32
		{28223CFA-7153-4143-A57C-A9B71F81B5B4}.Alpha32 Debug|x86.ActiveCfg = Alpha32 Debug|Win32
		{28223CFA-7153-4143-A57C-A9B71F81B5B4}.Alpha32 Debug|x86.Build.0 = Alpha32 Debug|Win32
		{28223CFA-7153-4143-A57C-A9B71F81B5B4}.Alpha32 Release|x86.ActiveCfg = Alpha32 Release|Win32
		{28223CFA-7153-4143-A57C-A9B71F81B5B4}.Alpha32 Release|x86.Build.0 = Alpha32 Release|Win32
		{28223CFA-7153-4143-A57C-A9B71F81B5B4}.Debug|x86.ActiveCfg = Debug|Win32
		{28223CFA-7153-4143-A57C-A9B71F81B5B4}.Debug|x86.Build.0 = Debug|Win32
		{28223CFA-7153-4143-A57C-A9B71F81B5B4}.Release|x86.ActiveCfg = Release|Win32
		{28223CFA-7153-4143-A57C-A9B71F81B5B4}.Release|x86.Build.0 = Release|Win32
		{28223CFA-7153-4143-A57C-A9B71F81B5B4}.Template|x86.ActiveCfg = Template|Win32
		{28223CFA-7153-4143-A57C-A9B71F81B5B4}.Template|x86.Build.0 = Template|Win32
		{6C854AC3-F5C6-40F6-B595-EF8C093FA3C5}.Alpha32 Debug|x86.ActiveCfg = Alpha32 Debug|Win32
		{6C854AC3-F5C6-40F6-B595-EF8C093FA3C5}.Alpha32 Debug|x86.Build.0 = Alpha32 Debug|Win32
		{6C854AC3-F5C6-40F6-B595-EF8C093FA3C5}.Alpha32 Release|x86.ActiveCfg = Alpha32 Release|Win32
		{6C854AC3-F5C6-40F6-B595-EF8C093FA3C5}.Alpha32 Release|x86.Build.0 = Alpha32 Release|Win32
		{6C854AC3-F5C6-40F6-B595-EF8C093FA3C5}.Debug|x86.ActiveCfg = Debug|Win32
		{6C854AC3-F5C6-40F6-B595-EF8C093FA3C5}.Debug|x86.Build.0 = Debug|Win32
		{6C854AC3-F5C6-40F6-B595-EF8C093FA3C5}.Release|x86.ActiveCfg = Release|Win32
		{6C854AC3-F5C6-40F6-B595-EF8C093FA3C5}.Release|x86.Build.0 = Release|Win32
		{6C854AC3-F5C6-40F6-B595-EF8C093FA3C5}.Template|x86.ActiveCfg = Template|Win32
		{6C854AC3-F5C6-40F6-B595-EF8C093FA3C5}.Template|x86.Build.0 = Template|Win32
		{81A5DD4A-423C-4B48-ADC4-3A5EB7CD5E29}.Alpha32 Debug|x86.ActiveCfg = Alpha32 Debug|Win32
		{81A5DD4A-423C-4B48-ADC4-3A5EB7CD5E29}.Alpha32 Debug|x86.Build.0 = Alpha32 Debug|Win32
		{81A5DD4A-423C-4B48-ADC4-3A5EB7CD5E29}.Alpha32 Release|x86.ActiveCfg = Alpha32 Release|Win32
		{81A5DD4A-423C-4B48-ADC4-3A5EB7CD5E29}.Alpha32 Release|x86.Build.0 = Alpha32 Release|Win32
		{81A5DD4A-423C-4B48-ADC4-3A5EB7CD5E29}.Debug|x86.ActiveCfg = Debug|Win32
		{81A5DD4A-423C-4B48-ADC4-3A5EB7CD5E29}.Debug|x86.Build.0 = Debug|Win32
		{81A5DD4A-423C-4B48-ADC4-3A5EB7CD5E29}.Release|x86.ActiveCfg = Release|Win32
		{81A5DD4A-423C-4B48-ADC4-3A5EB7CD5E29}.Release|x86.Build.0 = Release|Win32
		{81A5DD4A-423C-4B48-ADC4-3A5EB7CD5E29}.Template|x86.ActiveCfg = Template|Win32
		{81A5DD4A-423C-4B48-ADC4-3A5EB7CD5E29}.Template|x86.Build.0 = Template|Win32
		{61DEA17F-0EDB-4E7E-A1DF-CED1A1822DB7}.Alpha32 Debug|x86.ActiveCfg = Alpha32 Debug|Win32
		{61DEA17F-0EDB-4E7E-A1DF-CED1A1822DB7}.Alpha32 Debug|x86.Build.0 = Alpha32 Debug|Win32
		{61DEA17F-0EDB-4E7E-A1DF-CED1A1822DB7}.Alpha32 Release|x86.ActiveCfg = Alpha32 Release|Win32
		{61DEA17F-0EDB-4E7E-A1DF-CED1A1822DB7}.Alpha32 Release|x86.Build.0 = Alpha32 Release|Win32
		{61DEA17F-0EDB-4E7E-A1DF-CED1A1822DB7}.Debug|x86.ActiveCfg = Debug|Win32
		{61DEA17F-0EDB-4E7E-A1DF-CED1A1822DB7}.Debug|x86.Build.0 = Debug|Win32
		{61DEA17F-0EDB-4E7E-A1DF-CED1A1822DB7}.Release|x86.ActiveCfg = Release|Win32
		{61DEA17F-0EDB-4E7E-A1DF-CED1A1822DB7}.Release|x86.Build.0 = Release|Win32
		{61DEA17F-0EDB-4E7E-A1DF-CED1A1822DB7}.Template|x86.ActiveCfg = Template|Win32
		{61DEA17F-0EDB-4E7E-A1DF-CED1A1822DB7}.Template|x86.Build.0 = Template|Win32
		{469CD505-2426-47D7-94CE-3C7C7BE6CB08}.Alpha32 Debug|x86.ActiveCfg = Alpha32 Debug|Win32
		{469CD505-2426-47D7-94CE-3C7C7BE6CB08}.Alpha32 Debug|x86.Build.0 = Alpha32 Debug|Win32
		{469CD505-2426-47D7-94CE-3C7C7BE6CB08}.Alpha32 Release|x86.ActiveCfg = Alpha32 Release|Win32
		{469CD505-2426-47D7-94CE-3C7C7BE6CB08}.Alpha32 Release|x86.Build.0 = Alpha32 Release|Win32
		{469CD505-2426-47D7-94CE-3C7C7BE6CB08}.Debug|x86.ActiveCfg = Debug|Win32
		{469CD505-2426-47D7-94CE-3C7C7BE6CB08}.Debug|x86.Build.0 = Debug|Win32
		{469CD505-2426-47D7-94CE-3C7C7BE6CB08}.Release|x86.ActiveCfg = Release|Win32
		{469CD505-2426-47D7-94CE-3C7C7BE6CB08}.Release|x86.Build.0 = Release|Win32
		{469CD505-2426-47D7-94CE-3C7C7BE6CB08}.Template|x86.ActiveCfg = Template|Win32
		{469CD505-2426-47D7-94CE-3C7C7BE6CB08}.Template|x86.Build.0 = Template|Win32
		{99747D96-3DEB-49E0-8D12-EBEB6FDD75F6}.Alpha32 Debug|x86.ActiveCfg = Alpha32 Debug|Win32
		{99747D96-3DEB-49E0-8D12-EBEB6FDD75F6}.Alpha32 Debug|x86.Build.0 = Alpha32 Debug|Win32
		{99747D96-3DEB-49E0-8D12-EBEB6FDD75F6}.Alpha32 Release|x86.ActiveCfg = Alpha32 Release|Win32
		{99747D96-3DEB-49E0-8D12-EBEB6FDD75F6}.Alpha32 Release|x86.Build.0 = Alpha32 Release|Win32
		{99747D96-3DEB-49E0-8D12-EBEB6FDD75F6}.Debug|x86.ActiveCfg = Debug|Win32
		{99747D96-3DEB-49E0-8D12-EBEB6FDD75F6}.Debug|x86.Build.0 = Debug|Win32
		{99747D96-3DEB-49E0-8D12-EBEB6FDD75F6}.Release|x86.ActiveCfg = Release|Win32
		{99747D96-3DEB-49E0-8D12-EBEB6FDD75F6}.Release|x86.Build.0 = Release|Win32
		{99747D96-3DEB-49E0-8D12-EBEB6FDD75F6}.Template|x86.ActiveCfg = Template|Win32
		{99747D96-3DEB-49E0-8D12-EBEB6FDD75F6}.Template|x86.Build.0 = Template|Win32
		{73C9A19F-925A-443A-8D6B-2B9A4BA1CA0D}.Alpha32 Debug|x86.ActiveCfg = Alpha32 Debug|Win32
		{73C9A19F-925A-443A-8D6B-2B9A4BA1CA0D}.Alpha32 Debug|x86.Build.0 = Alpha32 Debug|Win32
		{73C9A19F-925A-443A-8D6B-2B9A4BA1CA0D}.Alpha32 Release|x86.ActiveCfg = Alpha32 Release|Win32
		{73C9A19F-925A-443A-8D6B-2B9A4BA1CA0D}.Alpha32 Release|x86.Build.0 = Alpha32 Release|Win32
		{73C9A19F-925A-443A-8D6B-2B9A4BA1CA0D}.Debug|x86.ActiveCfg = Debug|Win32
		{73C9A19F-925A-443A-8D6B-2B9A4BA1CA0D}.Debug|x86.Build.0 = Debug|Win32
		{73C9A19F-925A-443A-8D6B-2B9A4BA1CA0D}.Release|x86.ActiveCfg = Release|Win32
		{73C9A19F-925A-443A-8D6B-2B9A4BA1CA0D}.Release|x86.Build.0 = Release|Win32
		{73C9A19F-925A-443A-8D6B-2B9A4BA1CA0D}.Template|x86.ActiveCfg = Template|Win32
		{73C9A19F-925A-443A-8D6B-2B9A4BA1CA0D}.Template|x86.Build.0 = Template|Win32
		{493759EC-737D-4884-B5AB-38DD38DEA2DC}.Alpha32 Debug|x86.ActiveCfg = Alpha32 Debug|Win32
		{493759EC-737D-4884-B5AB-38DD38DEA2DC}.Alpha32 Debug|x86.Build.0 = Alpha32 Debug|Win32
		{493759EC-737D-4884-B5AB-38DD38DEA2DC}.Alpha32 Release|x86.ActiveCfg = Alpha32 Release|Win32
		{493759EC-737D-4884-B5AB-38DD38DEA2DC}.Alpha32 Release|x86.Build.0 = Alpha32 Release|Win32
		{493759EC-737D-4884-B5AB-38DD38DEA2DC}.Debug|x86.ActiveCfg = Debug|Win32
		{493759EC-737D-4884-B5AB-38DD38DEA2DC}.Debug|x86.Build.0 = Debug|Win32
		{493759EC-737D-4884-B5AB-38DD38DEA2DC}.Release|x86.ActiveCfg = Release|Win32
		{493759EC-737D-4884-B5AB-38DD38DEA2DC}.Release|x86.Build.0 = Release|Win32
		{493759EC-737D-4884-B5AB-38DD38DEA2DC}.Template|x86.ActiveCfg = Template|Win32
		{493759EC-737D-4884-B5AB-38DD38DEA2DC}.Template|x86.Build.0 = Template|Win32
		{1B08EC5E-01B0-4224-9275-32C803B74808}.Alpha32 Debug|x86.ActiveCfg = Alpha32 Debug|Win32
		{1B08EC5E-01B0-4224-9275-32C803B74808}.Alpha32 Debug|x86.Build.0 = Alpha32 Debug|Win32
		{1B08EC5E-01B0-4224-9275-32C803B74808}.Alpha32 Release|x86.ActiveCfg = Alpha32 Release|Win32
		{1B08EC5E-01B0-4224-9275-32C803B74808}.Alpha32 Release|x86.Build.0 = Alpha32 Release|Win32
		{1B08EC5E-01B0-4224-9275-32C803B74808}.Debug|x86.ActiveCfg = Debug|Win32
		{1B08EC5E-01B0-4224-9275-32C803B74808}.Debug|x86.Build.0 = Debug|Win32
		{1B08EC5E-01B0-4224-9275-32C803B74808}.Release|x86.ActiveCfg = Release|Win32
		{1B08EC5E-01B0-4224-9275-32C803B74808}.Release|x86.Build.0 = Release|Win32
		{1B08EC5E-01B0-4224-9275-32C803B74808}.Template|x86.ActiveCfg = Template|Win32
		{1B08EC5E-01B0-4224-9275-32C803B74808}.Template|x86.Build.0 = Template|Win32
		{293527A2-C570-494C-970C-74ED641C4E68}.Alpha32 Debug|x86.ActiveCfg = Alpha32 Debug|Win32
		{293527A2-C570-494C-970C-74ED641C4E68}.Alpha32 Debug|x86.Build.0 = Alpha32 Debug|Win32
		{293527A2-C570-494C-970C-74ED641C4E68}.Alpha32 Release|x86.ActiveCfg = Alpha32 Release|Win32
		{293527A2-C570-494C-970C-74ED641C4E68}.Alpha32 Release|x86.Build.0 = Alpha32 Release|Win32
		{293527A2-C570-494C-970C-74ED641C4E68}.Debug|x86.ActiveCfg = Debug|Win32
		{293527A2-C570-494C-970C-74ED641C4E68}.Debug|x86.Build.0 = Debug|Win32
		{293527A2-C570-494C-970C-74ED641C4E68}.Release|x86.ActiveCfg = Release|Win32
		{293527A2-C570-494C-970C-74ED641C4E68}.Release|x86.Build.0 = Release|Win32
		{293527A2-C570-494C-970C-74ED641C4E68}.Template|x86.ActiveCfg = Template|Win32
		{293527A2-C570-494C-970C-74ED641C4E68}.Template|x86.Build.0 = Template|Win32
		{96D8DAD4-7BF0-4422-9655-F2FD0655D4B6}.Alpha32 Debug|x86.ActiveCfg = Alpha32 Debug|Win32
		{96D8DAD4-7BF0-4422-9655-F2FD0655D4B6}.Alpha32 Debug|x86.Build.0 = Alpha32 Debug|Win32
		{96D8DAD4-7BF0-4422-9655-F2FD0655D4B6}.Alpha32 Release|x86.ActiveCfg = Alpha32 Release|Win32
		{96D8DAD4-7BF0-4422-9655-F2FD0655D4B6}.Alpha32 Release|x86.Build.0 = Alpha32 Release|Win32
		{96D8DAD4-7BF0-4422-9655-F2FD0655D4B6}.Debug|x86.ActiveCfg = Debug|Win32
		{96D8DAD4-7BF0-4422-9655-F2FD0655D4B6}.Debug|x86.Build.0 = Debug|Win32
		{96D8DAD4-7BF0-4422-9655-F2FD0655D4B6}.Release|x86.ActiveCfg = Release|Win32
		{96D8DAD4-7BF0-4422-9655-F2FD0655D4B6}.Release|x86.Build.0 = Release|Win32
		{96D8DAD4-7BF0-4422-9655-F2FD0655D4B6}.Template|x86.ActiveCfg = Template|Win32
		{96D8DAD4-7BF0-4422-9655-F2FD0655D4B6}.Template|x86.Build.0 = Template|Win32
		{A8703F68-DAD9-439C-BFD5-A066E6E7676D}.Alpha32 Debug|x86.ActiveCfg = Alpha32 Debug|Win32
		{A8703F68-DAD9-439C-BFD5-A066E6E7676D}.Alpha32 Debug|x86.Build.0 = Alpha32 Debug|Win32
		{A8703F68-DAD9-439C-BFD5-A066E6E7676D}.Alpha32 Release|x86.ActiveCfg = Alpha32 Release|Win32
		{A8703F68-DAD9-439C-BFD5-A066E6E7676D}.Alpha32 Release|x86.Build.0 = Alpha32 Release|Win32
		{A8703F68-DAD9-439C-BFD5-A066E6E7676D}.Debug|x86.ActiveCfg = Debug|Win32
		{A8703F68-DAD9-439C-BFD5-A066E6E7676D}.Debug|x86.Build.0 = Debug|Win32
		{A8703F68-DAD9-439C-BFD5-A066E6E7676D}.Release|x86.ActiveCfg = Release|Win32
		{A8703F68-DAD9-439C-BFD5-A066E6E7676D}.Release|x86.Build.0 = Release|Win32
		{A8703F68-DAD9-439C-BFD5-A066E6E7676D}.Template|x86.ActiveCfg = Template|Win32
		{A8703F68-DAD9-439C-BFD5-A066E6E7676D}.Template|x86.Build.0 = Template|Win32
		{7CAE09B3-02B9-4A6F-BA46-AB0E2ED4CED2}.Alpha32 Debug|x86.ActiveCfg = Alpha32 Debug|Win32
		{7CAE09B3-02B9-4A6F-BA46-AB0E2ED4CED2}.Alpha32 Debug|x86.Build.0 = Alpha32 Debug|Win32
		{7CAE09B3-02B9-4A6F-BA46-AB0E2ED4CED2}.Alpha32 Release|x86.ActiveCfg = Alpha32 Release|Win32
		{7CAE09B3-02B9-4A6F-BA46-AB0E2ED4CED2}.Alpha32 Release|x86.Build.0 = Alpha32 Release|Win32
		{7CAE09B3-02B9-4A6F-BA46-AB0E2ED4CED2}.Debug|x86.ActiveCfg = Debug|Win32
		{7CAE09B3-02B9-4A6F-BA46-AB0E2ED4CED2}.Debug|x86.Build.0 = Debug|Win32
		{7CAE09B3-02B9-4A6F-BA46-AB0E2ED4CED2}.Release|x86.ActiveCfg = Release|Win32
		{7CAE09B3-02B9-4A6F-BA46-AB0E2ED4CED2}.Release|x86.Build.0 = Release|Win32
		{7CAE09B3-02B9-4A6F-BA46-AB0E2ED4CED2}.Template|x86.ActiveCfg = Template|Win32
		{7CAE09B3-02B9-4A6F-BA46-AB0E2ED4CED2}.Template|x86.Build.0 = Template|Win32
		{48F64B4C-685F-40AD-AEE1-0DE8446E76B5}.Alpha32 Debug|x86.ActiveCfg = Alpha32 Debug|Win32
		{48F64B4C-685F-40AD-AEE1-0DE8446E76B5}.Alpha32 Debug|x86.Build.0 = Alpha32 Debug|Win32
		{48F64B4C-685F-40AD-AEE1-0DE8446E76B5}.Alpha32 Release|x86.ActiveCfg = Alpha32 Release|Win32
		{48F64B4C-685F-40AD-AEE1-0DE8446E76B5}.Alpha32 Release|x86.Build.0 = Alpha32 Release|Win32
		{48F64B4C-685F-40AD-AEE1-0DE8446E76B5}.Debug|x86.ActiveCfg = Debug|Win32
		{48F64B4C-685F-40AD-AEE1-0DE8446E76B5}.Debug|x86.Build.0 = Debug|Win32
		{48F64B4C-685F-40AD-AEE1-0DE8446E76B5}.Release|x86.ActiveCfg = Release|Win32
		{48F64B4C-685F-40AD-AEE1-0DE8446E76B5}.Release|x86.Build.0 = Release|Win32
		{48F64B4C-685F-40AD-AEE1-0DE8446E76B5}.Template|x86.ActiveCfg = Template|Win32
		{48F64B4C-685F-40AD-AEE1-0DE8446E76B5}.Template|x86.Build.0 = Template|Win32
		{11B27102-111D-4F4C-83CD-0D49BD174BD9}.Alpha32 Debug|x86.ActiveCfg = Alpha32 Debug|Win32
		{11B27102-111D-4F4C-83CD-0D49BD174BD9}.Alpha32 Debug|x86.Build.0 = Alpha32 Debug|Win32
		{11B27102-111D-4F4C-83CD-0D49BD174BD9}.Alpha32 Release|x86.ActiveCfg = Alpha32 Release|Win32
		{11B27102-111D-4F4C-83CD-0D49BD174BD9}.Alpha32 Release|x86.Build.0 = Alpha32 Release|Win32
		{11B27102-111D-4F4C-83CD-0D49BD174BD9}.Debug|x86.ActiveCfg = Debug|Win32
		{11B27102-111D-4F4C-83CD-0D49BD174BD9}.Debug|x86.Build.0 = Debug|Win32
		{11B27102-111D-4F4C-83CD-0D49BD174BD9}.Release|x86.ActiveCfg = Release|Win32
		{11B27102-111D-4F4C-83CD-0D49BD174BD9}.Release|x86.Build.0 = Release|Win32
		{11B27102-111D-4F4C-83CD-0D49BD174BD9}.Template|x86.ActiveCfg = Template|Win32
		{11B27102-111D-4F4C-83CD-0D49BD174BD9}.Template|x86.Build.0 = Template|Win32
		{DA010894-25F4-42C9-BB81-D82C96C493AE}.Alpha32 Debug|x86.ActiveCfg = Alpha32 Debug|Win32
		{DA010894-25F4-42C9-BB81-D82C96C493AE}.Alpha32 Debug|x86.Build.0 = Alpha32 Debug|Win32
		{DA010894-25F4-42C9-BB81-D82C96C493AE}.Alpha32 Release|x86.ActiveCfg = Alpha32 Release|Win32
		{DA010894-25F4-42C9-BB81-D82C96C493AE}.Alpha32 Release|x86.Build.0 = Alpha32 Release|Win32
		{DA010894-25F4-42C9-BB81-D82C96C493AE}.Debug|x86.ActiveCfg = Debug|Win32
		{DA010894-25F4-42C9-BB81-D82C96C493AE}.Debug|x86.Build.0 = Debug|Win32
		{DA010894-25F4-42C9-BB81-D82C96C493AE}.Release|x86.ActiveCfg = Release|Win32
		{DA010894-25F4-42C9-BB81-D82C96C493AE}.Release|x86.Build.0 = Release|Win32
		{DA010894-25F4-42C9-BB81-D82C96C493AE}.Template|x86.ActiveCfg = Template|Win32
		{DA010894-25F4-42C9-BB81-D82C96C493AE}.Template|x86.Build.0 = Template|Win32
		{B2F2E77F-7B88-42E2-8223-1BD8A5DADF43}.Alpha32 Debug|x86.ActiveCfg = Alpha32 Debug|Win32
		{B2F2E77F-7B88-42E2-8223-1BD8A5DADF43}.Alpha32 Debug|x86.Build.0 = Alpha32 Debug|Win32
		{B2F2E77F-7B88-42E2-8223-1BD8A5DADF43}.Alpha32 Release|x86.ActiveCfg = Alpha32 Release|Win32
		{B2F2E77F-7B88-42E2-8223-1BD8A5DADF43}.Alpha32 Release|x86.Build.0 = Alpha32 Release|Win32
		{B2F2E77F-7B88-42E2-8223-1BD8A5DADF43}.Debug|x86.ActiveCfg = Debug|Win32
		{B2F2E77F-7B88-42E2-8223-1BD8A5DADF43}.Debug|x86.Build.0 = Debug|Win32
		{B2F2E77F-7B88-42E2-8223-1BD8A5DADF43}.Release|x86.ActiveCfg = Release|Win32
		{B2F2E77F-7B88-42E2-8223-1BD8A5DADF43}.Release|x86.Build.0 = Release|Win32
		{B2F2E77F-7B88-42E2-8223-1BD8A5DADF43}.Template|x86.ActiveCfg = Template|Win32
		{B2F2E77F-7B88-42E2-8223-1BD8A5DADF43}.Template|x86.Build.0 = Template|Win32
		{01A22ACC-7661-484A-8D18-D1CC0D66CA76}.Alpha32 Debug|x86.ActiveCfg = Alpha32 Debug|Win32
		{01A22ACC-7661-484A-8D18-D1CC0D66CA76}.Alpha32 Debug|x86.Build.0 = Alpha32 Debug|Win32
		{01A22ACC-7661-484A-8D18-D1CC0D66CA76}.Alpha32 Release|x86.ActiveCfg = Alpha32 Release|Win32
		{01A22ACC-7661-484A-8D18-D1CC0D66CA76}.Alpha32 Release|x86.Build.0 = Alpha32 Release|Win32
		{01A22ACC-7661-484A-8D18-D1CC0D66CA76}.Debug|x86.ActiveCfg = Debug|Win32
		{01A22ACC-7661-484A-8D18-D1CC0D66CA76}.Debug|x86.Build.0 = Debug|Win32
		{01A22ACC-7661-484A-8D18-D1CC0D66CA76}.Release|x86.ActiveCfg = Release|Win32
		{01A22ACC-7661-484A-8D18-D1CC0D66CA76}.Release|x86.Build.0 = Release|Win32
		{01A22ACC-7661-484A-8D18-D1CC0D66CA76}.Template|x86.ActiveCfg = Template|Win32
		{01A22ACC-7661-484A-8D18-D1CC0D66CA76}.Template|x86.Build.0 = Template|Win32
		{1061E47F-F41C-48CD-9D28-BDA5FDE24AB3}.Alpha32 Debug|x86.ActiveCfg = Alpha32 Debug|Win32
		{1061E47F-F41C-48CD-9D28-BDA5FDE24AB3}.Alpha32 Debug|x86.Build.0 = Alpha32 Debug|Win32
		{1061E47F-F41C-48CD-9D28-BDA5FDE24AB3}.Alpha32 Release|x86.ActiveCfg = Alpha32 Release|Win32
		{1061E47F-F41C-48CD-9D28-BDA5FDE24AB3}.Alpha32 Release|x86.Build.0 = Alpha32 Release|Win32
		{1061E47F-F41C-48CD-9D28-BDA5FDE24AB3}.Debug|x86.ActiveCfg = Debug|Win32
		{1061E47F-F41C-48CD-9D28-BDA5FDE24AB3}.Debug|x86.Build.0 = Debug|Win32
		{1061E47F-F41C-48CD-9D28-BDA5FDE24AB3}.Release|x86.ActiveCfg = Release|Win32
		{1061E47F-F41C-48CD-9D28-BDA5FDE24AB3}.Release|x86.Build.0 = Release|Win32
		{1061E47F-F41C-48CD-9D28-BDA5FDE24AB3}.Template|x86.ActiveCfg = Template|Win32
		{1061E47F-F41C-48CD-9D28-BDA5FDE24AB3}.Template|x86.Build.0 = Template|Win32
		{911ABB75-1FFD-4C23-95C9-AD3FA5A34F41}.Alpha32 Debug|x86.ActiveCfg = Alpha32 Debug|Win32
		{911ABB75-1FFD-4C23-95C9-AD3FA5A34F41}.Alpha32 Debug|x86.Build.0 = Alpha32 Debug|Win32
		{911ABB75-1FFD-4C23-95C9-AD3FA5A34F41}.Alpha32 Release|x86.ActiveCfg = Alpha32 Release|Win32
		{911ABB75-1FFD-4C23-95C9-AD3FA5A34F41}.Alpha32 Release|x86.Build.0 = Alpha32 Release|Win32
		{911ABB75-1FFD-4C23-95C9-AD3FA5A34F41}.Debug|x86.ActiveCfg = Debug|Win32
		{911ABB75-1FFD-4C23-95C9-AD3FA5A34F41}.Debug|x86.Build.0 = Debug|Win32
		{911ABB75-1FFD-4C23-95C9-AD3FA5A34F41}.Release|x86.ActiveCfg = Release|Win32
		{911ABB75-1FFD-4C23-95C9-AD3FA5A34F41}.Release|x86.Build.0 = Release|Win32
		{911ABB75-1FFD-4C23-95C9-AD3FA5A34F41}.Template|x86.ActiveCfg = Template|Win32
		{911ABB75-1FFD-4C23-95C9-AD3FA5A34F41}.Template|x86.Build.0 = Template|Win32
		{414F50C2-6B52-4F11-957E-292217092BFC}.Alpha32 Debug|x86.ActiveCfg = Alpha32 Debug|Win32
		{414F50C2-6B52-4F11-957E-292217092BFC}.Alpha32 Debug|x86.Build.0 = Alpha32 Debug|Win32
		{414F50C2-6B52-4F11-957E-292217092BFC}.Alpha32 Release|x86.ActiveCfg = Alpha32 Release|Win32
		{414F50C2-6B52-4F11-957E-292217092BFC}.Alpha32 Release|x86.Build.0 = Alpha32 Release|Win32
		{414F50C2-6B52-4F11-957E-292217092BFC}.Debug|x86.ActiveCfg = Debug|Win32
		{414F50C2-6B52-4F11-957E-292217092BFC}.Debug|x86.Build.0 = Debug|Win32
		{414F50C2-6B52-4F11-957E-292217092BFC}.Release|x86.ActiveCfg = Release|Win32
		{414F50C2-6B52-4F11-957E-292217092BFC}.Release|x86.Build.0 = Release|Win32
		{414F50C2-6B52-4F11-957E-292217092BFC}.Template|x86.ActiveCfg = Template|Win32
		{414F50C2-6B52-4F11-957E-292217092BFC}.Template|x86.Build.0 = Template|Win32
		{F10CAE47-813E-432E-8A95-B24598DBC562}.Alpha32 Debug|x86.ActiveCfg = Alpha32 Debug|Win32
		{F10CAE47-813E-432E-8A95-B24598DBC562}.Alpha32 Debug|x86.Build.0 = Alpha32 Debug|Win32
		{F10CAE47-813E-432E-8A95-B24598DBC562}.Alpha32 Release|x86.ActiveCfg = Alpha32 Release|Win32
		{F10CAE47-813E-432E-8A95-B24598DBC562}.Alpha32 Release|x86.Build.0 = Alpha32 Release|Win32
		{F10CAE47-813E-432E-8A95-B24598DBC562}.Debug|x86.ActiveCfg = Debug|Win32
		{F10CAE47-813E-432E-8A95-B24598DBC562}.Debug|x86.Build.0 = Debug|Win32
		{F10CAE47-813E-432E-8A95-B24598DBC562}.Release|x86.ActiveCfg = Release|Win32
		{F10CAE47-813E-432E-8A95-B24598DBC562}.Release|x86.Build.0 = Release|Win32
		{F10CAE47-813E-432E-8A95-B24598DBC562}.Template|x86.ActiveCfg = Template|Win32
		{F10CAE47-813E-432E-8A95-B24598DBC562}.Template|x86.Build.0 = Template|Win32
		{1E15A706-D1FF-4742-A011-E4BD36D61B2D}.Alpha32 Debug|x86.ActiveCfg = Alpha32 Debug|Win32
		{1E15A706-D1FF-4742-A011-E4BD36D61B2D}.Alpha32 Debug|x86.Build.0 = Alpha32 Debug|Win32
		{1E15A706-D1FF-4742-A011-E4BD36D61B2D}.Alpha32 Release|x86.ActiveCfg = Alpha32 Release|Win32
		{1E15A706-D1FF-4742-A011-E4BD36D61B2D}.Alpha32 Release|x86.Build.0 = Alpha32 Release|Win32
		{1E15A706-D1FF-4742-A011-E4BD36D61B2D}.Debug|x86.ActiveCfg = Debug|Win32
		{1E15A706-D1FF-4742-A011-E4BD36D61B2D}.Debug|x86.Build.0 = Debug|Win32
		{1E15A706-D1FF-4742-A011-E4BD36D61B2D}.Release|x86.ActiveCfg = Release|Win32
		{1E15A706-D1FF-4742-A011-E4BD36D61B2D}.Release|x86.Build.0 = Release|Win32
		{1E15A706-D1FF-4742-A011-E4BD36D61B2D}.Template|x86.ActiveCfg = Template|Win32
		{1E15A706-D1FF-4742-A011-E4BD36D61B2D}.Template|x86.Build.0 = Template|Win32
		{6515D91E-CF15-466D-864A-B90A0F49BF81}.Alpha32 Debug|x86.ActiveCfg = Alpha32 Debug|Win32
		{6515D91E-CF15-466D-864A-B90A0F49BF81}.Alpha32 Debug|x86.Build.0 = Alpha32 Debug|Win32
		{6515D91E-CF15-466D-864A-B90A0F49BF81}.Alpha32 Release|x86.ActiveCfg = Alpha32 Release|Win32
		{6515D91E-CF15-466D-864A-B90A0F49BF81}.Alpha32 Release|x86.Build.0 = Alpha32 Release|Win32
		{6515D91E-CF15-466D-864A-B90A0F49BF81}.Debug|x86.ActiveCfg = Debug|Win32
		{6515D91E-CF15-466D-864A-B90A0F49BF81}.Debug|x86.Build.0 = Debug|Win32
		{6515D91E-CF15-466D-864A-B90A0F49BF81}.Release|x86.ActiveCfg = Release|Win32
		{6515D91E-CF15-466D-864A-B90A0F49BF81}.Release|x86.Build.0 = Release|Win32
		{6515D91E-CF15-466D-864A-B90A0F49BF81}.Template|x86.ActiveCfg = Template|Win32
		{6515D91E-CF15-466D-864A-B90A0F49BF81}.Template|x86.Build.0 = Template|Win32
		{4447D4B1-DEE1-4C61-808B-355BD9F2FEA2}.Alpha32 Debug|x86.ActiveCfg = Alpha32 Debug|Win32
		{4447D4B1-DEE1-4C61-808B-355BD9F2FEA2}.Alpha32 Debug|x86.Build.0 = Alpha32 Debug|Win32
		{4447D4B1-DEE1-4C61-808B-355BD9F2FEA2}.Alpha32 Release|x86.ActiveCfg = Alpha32 Release|Win32
		{4447D4B1-DEE1-4C61-808B-355BD9F2FEA2}.Alpha32 Release|x86.Build.0 = Alpha32 Release|Win32
		{4447D4B1-DEE1-4C61-808B-355BD9F2FEA2}.Debug|x86.ActiveCfg = Debug|Win32
		{4447D4B1-DEE1-4C61-808B-355BD9F2FEA2}.Debug|x86.Build.0 = Debug|Win32
		{4447D4B1-DEE1-4C61-808B-355BD9F2FEA2}.Release|x86.ActiveCfg = Release|Win32
		{4447D4B1-DEE1-4C61-808B-355BD9F2FEA2}.Release|x86.Build.0 = Release|Win32
		{4447D4B1-DEE1-4C61-808B-355BD9F2FEA2}.Template|x86.ActiveCfg = Template|Win32
		{4447D4B1-DEE1-4C61-808B-355BD9F2FEA2}.Template|x86.Build.0 = Template|Win32
		{AFF8EC4C-19FF-40BD-8E77-96402DB60F77}.Alpha32 Debug|x86.ActiveCfg = Alpha32 Debug|Win32
		{AFF8EC4C-19FF-40BD-8E77-96402DB60F77}.Alpha32 Debug|x86.Build.0 = Alpha32 Debug|Win32
		{AFF8EC4C-19FF-40BD-8E77-96402DB60F77}.Alpha32 Release|x86.ActiveCfg = Alpha32 Release|Win32
		{AFF8EC4C-19FF-40BD-8E77-96402DB60F77}.Alpha32 Release|x86.Build.0 = Alpha32 Release|Win32
		{AFF8EC4C-19FF-40BD-8E77-96402DB60F77}.Debug|x86.ActiveCfg = Debug|Win32
		{AFF8EC4C-19FF-40BD-8E77-96402DB60F77}.Debug|x86.Build.0 = Debug|Win32
		{AFF8EC4C-19FF-40BD-8E77-96402DB60F77}.Release|x86.ActiveCfg = Release|Win32
		{AFF8EC4C-19FF-40BD-8E77-96402DB60F77}.Release|x86.Build.0 = Release|Win32
		{AFF8EC4C-19FF-40BD-8E77-96402DB60F77}.Template|x86.ActiveCfg = Template|Win32
		{AFF8EC4C-19FF-40BD-8E77-96402DB60F77}.Template|x86.Build.0 = Template|Win32
		{3D85D210-26A2-4A08-AB80-766E4AFDC698}.Alpha32 Debug|x86.ActiveCfg = Alpha32 Debug|Win32
		{3D85D210-26A2-4A08-AB80-766E4AFDC698}.Alpha32 Debug|x86.Build.0 = Alpha32 Debug|Win32
		{3D85D210-26A2-4A08-AB80-766E4AFDC698}.Alpha32 Release|x86.ActiveCfg = Alpha32 Release|Win32
		{3D85D210-26A2-4A08-AB80-766E4AFDC698}.Alpha32 Release|x86.Build.0 = Alpha32 Release|Win32
		{3D85D210-26A2-4A08-AB80-766E4AFDC698}.Debug|x86.ActiveCfg = Debug|Win32
		{3D85D210-26A2-4A08-AB80-766E4AFDC698}.Debug|x86.Build.0 = Debug|Win32
		{3D85D210-26A2-4A08-AB80-766E4AFDC698}.Release|x86.ActiveCfg = Release|Win32
		{3D85D210-26A2-4A08-AB80-766E4AFDC698}.Release|x86.Build.0 = Release|Win32
		{3D85D210-26A2-4A08-AB80-766E4AFDC698}.Template|x86.ActiveCfg = Template|Win32
		{3D85D210-26A2-4A08-AB80-766E4AFDC698}.Template|x86.Build.0 = Template|Win32
		{E3D3BCF8-CA47-4AE8-B1B1-24B9436FBA47}.Alpha32 Debug|x86.ActiveCfg = Alpha32 Debug|Win32
		{E3D3BCF8-CA47-4AE8-B1B1-24B9436FBA47}.Alpha32 Debug|x86.Build.0 = Alpha32 Debug|Win32
		{E3D3BCF8-CA47-4AE8-B1B1-24B9436FBA47}.Alpha32 Release|x86.ActiveCfg = Alpha32 Release|Win32
		{E3D3BCF8-CA47-4AE8-B1B1-24B9436FBA47}.Alpha32 Release|x86.Build.0 = Alpha32 Release|Win32
		{E3D3BCF8-CA47-4AE8-B1B1-24B9436FBA47}.Debug|x86.ActiveCfg = Debug|Win32
		{E3D3BCF8-CA47-4AE8-B1B1-24B9436FBA47}.Debug|x86.Build.0 = Debug|Win32
		{E3D3BCF8-CA47-4AE8-B1B1-24B9436FBA47}.Release|x86.ActiveCfg = Release|Win32
		{E3D3BCF8-CA47-4AE8-B1B1-24B9436FBA47}.Release|x86.Build.0 = Release|Win32
		{E3D3BCF8-CA47-4AE8-B1B1-24B9436FBA47}.Template|x86.ActiveCfg = Template|Win32
		{E3D3BCF8-CA47-4AE8-B1B1-24B9436FBA47}.Template|x86.Build.0 = Template|Win32
		{D1A87DF0-9ECF-4FEF-8D2D-C62C9126FEC6}.Alpha32 Debug|x86.ActiveCfg = Alpha32 Debug|Win32
		{D1A87DF0-9ECF-4FEF-8D2D-C62C9126FEC6}.Alpha32 Debug|x86.Build.0 = Alpha32 Debug|Win32
		{D1A87DF0-9ECF-4FEF-8D2D-C62C9126FEC6}.Alpha32 Release|x86.ActiveCfg = Alpha32 Release|Win32
		{D1A87DF0-9ECF-4FEF-8D2D-C62C9126FEC6}.Alpha32 Release|x86.Build.0 = Alpha32 Release|Win32
		{D1A87DF0-9ECF-4FEF-8D2D-C62C9126FEC6}.Debug|x86.ActiveCfg = Debug|Win32
		{D1A87DF0-9ECF-4FEF-8D2D-C62C9126FEC6}.Debug|x86.Build.0 = Debug|Win32
		{D1A87DF0-9ECF-4FEF-8D2D-C62C9126FEC6}.Release|x86.ActiveCfg = Release|Win32
		{D1A87DF0-9ECF-4FEF-8D2D-C62C9126FEC6}.Release|x86.Build.0 = Release|Win32
		{D1A87DF0-9ECF-4FEF-8D2D-C62C9126FEC6}.Template|x86.ActiveCfg = Template|Win32
		{D1A87DF0-9ECF-4FEF-8D2D-C62C9126FEC6}.Template|x86.Build.0 = Template|Win32
		{1CFE0613-1F94-4DBE-9900-EA3DDF684548}.Alpha32 Debug|x86.ActiveCfg = Alpha32 Debug|Win32
		{1CFE0613-1F94-4DBE-9900-EA3DDF684548}.Alpha32 Debug|x86.Build.0 = Alpha32 Debug|Win32
		{1CFE0613-1F94-4DBE-9900-EA3DDF684548}.Alpha32 Release|x86.ActiveCfg = Alpha32 Release|Win32
		{1CFE0613-1F94-4DBE-9900-EA3DDF684548}.Alpha32 Release|x86.Build.0 = Alpha32 Release|Win32
		{1CFE0613-1F94-4DBE-9900-EA3DDF684548}.Debug|x86.ActiveCfg = Debug|Win32
		{1CFE0613-1F94-4DBE-9900-EA3DDF684548}.Debug|x86.Build.0 = Debug|Win32
		{1CFE0613-1F94-4DBE-9900-EA3DDF684548}.Release|x86.ActiveCfg = Release|Win32
		{1CFE0613-1F94-4DBE-9900-EA3DDF684548}.Release|x86.Build.0 = Release|Win32
		{1CFE0613-1F94-4DBE-9900-EA3DDF684548}.Template|x86.ActiveCfg = Template|Win32
		{1CFE0613-1F94-4DBE-9900-EA3DDF684548}.Template|x86.Build.0 = Template|Win32
	EndGlobalSection
	GlobalSection(SolutionProperties) = preSolution
		HideSolutionNode = FALSE
	EndGlobalSection
EndGlobal
